// !$*UTF8*$!
{
	archiveVersion = 1;
	classes = {
	};
	objectVersion = 63;
	objects = {

/* Begin PBXBuildFile section */
		A1B2C3D4E5F6789012345689 /* DesktopPetApp.swift in Sources */ = {isa = PBXBuildFile; fileRef = B2C3D4E5F60718293A4B5C6D /* DesktopPetApp.swift */; };
		C10000000000000000000001 /* AppDelegate.swift in Sources */ = {isa = PBXBuildFile; fileRef = B100000000000000000000001 /* AppDelegate.swift */; };
		C10000000000000000000002 /* AppCoordinator.swift in Sources */ = {isa = PBXBuildFile; fileRef = B100000000000000000000002 /* AppCoordinator.swift */; };
		C10000000000000000000005 /* MouseTracker.swift in Sources */ = {isa = PBXBuildFile; fileRef = B100000000000000000000005 /* MouseTracker.swift */; };
		C10000000000000000000006 /* InteractionEvent.swift in Sources */ = {isa = PBXBuildFile; fileRef = B100000000000000000000006 /* InteractionEvent.swift */; };
		C10000000000000000000007 /* PetConfig.swift in Sources */ = {isa = PBXBuildFile; fileRef = B100000000000000000000007 /* PetConfig.swift */; };
		C10000000000000000000008 /* AccessibilityPermissionManager.swift in Sources */ = {isa = PBXBuildFile; fileRef = B100000000000000000000008 /* AccessibilityPermissionManager.swift */; };
		C10000000000000000000009 /* PatrolScheduler.swift in Sources */ = {isa = PBXBuildFile; fileRef = B100000000000000000000009 /* PatrolScheduler.swift */; };
		C1000000000000000000000A /* PetState.swift in Sources */ = {isa = PBXBuildFile; fileRef = B10000000000000000000000A /* PetState.swift */; };
		C1000000000000000000000B /* PetStateMachine.swift in Sources */ = {isa = PBXBuildFile; fileRef = B10000000000000000000000B /* PetStateMachine.swift */; };
		C1000000000000000000000C /* HitTestPassthroughView.swift in Sources */ = {isa = PBXBuildFile; fileRef = B10000000000000000000000C /* HitTestPassthroughView.swift */; };
		C1000000000000000000000D /* PetWindow.swift in Sources */ = {isa = PBXBuildFile; fileRef = B10000000000000000000000D /* PetWindow.swift */; };
		C1000000000000000000000E /* PetWindowController.swift in Sources */ = {isa = PBXBuildFile; fileRef = B10000000000000000000000E /* PetWindowController.swift */; };
		C1000000000000000000000F /* PetContainerView.swift in Sources */ = {isa = PBXBuildFile; fileRef = B10000000000000000000000F /* PetContainerView.swift */; };
		C10000000000000000000010 /* PetSpriteView.swift in Sources */ = {isa = PBXBuildFile; fileRef = B100000000000000000000010 /* PetSpriteView.swift */; };
		C10000000000000000000011 /* SettingsFloatingButton.swift in Sources */ = {isa = PBXBuildFile; fileRef = B100000000000000000000011 /* SettingsFloatingButton.swift */; };
		C10000000000000000000012 /* SettingsPanelView.swift in Sources */ = {isa = PBXBuildFile; fileRef = B100000000000000000000012 /* SettingsPanelView.swift */; };
		C10000000000000000000013 /* SettingsViewModel.swift in Sources */ = {isa = PBXBuildFile; fileRef = B100000000000000000000013 /* SettingsViewModel.swift */; };
		C10000000000000000000014 /* Logger.swift in Sources */ = {isa = PBXBuildFile; fileRef = B100000000000000000000014 /* Logger.swift */; };
		C1000000000000000000003D /* InlineMarkdownBubble.swift in Sources */ = {isa = PBXBuildFile; fileRef = B10000000000000000000003D /* InlineMarkdownBubble.swift */; };
		C10000000000000000000015 /* ScreenGeometry.swift in Sources */ = {isa = PBXBuildFile; fileRef = B100000000000000000000015 /* ScreenGeometry.swift */; };
		C10000000000000000000016 /* GlobalInputMonitor.swift in Sources */ = {isa = PBXBuildFile; fileRef = B100000000000000000000016 /* GlobalInputMonitor.swift */; };
		C10000000000000000000017 /* PetRootContainerView.swift in Sources */ = {isa = PBXBuildFile; fileRef = B100000000000000000000017 /* PetRootContainerView.swift */; };
		C10000000000000000000018 /* AnimationDriver.swift in Sources */ = {isa = PBXBuildFile; fileRef = B100000000000000000000018 /* AnimationDriver.swift */; };
		C10000000000000000000019 /* AccessibilityOnboardingView.swift in Sources */ = {isa = PBXBuildFile; fileRef = B100000000000000000000019 /* AccessibilityOnboardingView.swift */; };
		C10000000000000000000021 /* PhysicalKeyLayout.swift in Sources */ = {isa = PBXBuildFile; fileRef = B100000000000000000000021 /* PhysicalKeyLayout.swift */; };
		C10000000000000000000022 /* DeskMirrorModel.swift in Sources */ = {isa = PBXBuildFile; fileRef = B100000000000000000000022 /* DeskMirrorModel.swift */; };
		C10000000000000000000023 /* DeskMirrorTextView.swift in Sources */ = {isa = PBXBuildFile; fileRef = B100000000000000000000023 /* DeskMirrorTextView.swift */; };
		C10000000000000000000024 /* DeskMirrorKeyImage.swift in Sources */ = {isa = PBXBuildFile; fileRef = B100000000000000000000024 /* DeskMirrorKeyImage.swift */; };
		C20000000000000000000040 /* DeskMirror in Resources */ = {isa = PBXBuildFile; fileRef = B200000000000000000000040 /* DeskMirror */; };
		C10000000000000000000025 /* PetCareState.swift in Sources */ = {isa = PBXBuildFile; fileRef = B100000000000000000000025 /* PetCareState.swift */; };
		C10000000000000000000026 /* PetCareModel.swift in Sources */ = {isa = PBXBuildFile; fileRef = B100000000000000000000026 /* PetCareModel.swift */; };
		C10000000000000000000027 /* AgentModels.swift in Sources */ = {isa = PBXBuildFile; fileRef = B100000000000000000000027 /* AgentModels.swift */; };
		C10000000000000000000028 /* KeychainStore.swift in Sources */ = {isa = PBXBuildFile; fileRef = B100000000000000000000028 /* KeychainStore.swift */; };
		C10000000000000000000029 /* AgentSettingsStore.swift in Sources */ = {isa = PBXBuildFile; fileRef = B100000000000000000000029 /* AgentSettingsStore.swift */; };
		C1000000000000000000002A /* AgentClient.swift in Sources */ = {isa = PBXBuildFile; fileRef = B10000000000000000000002A /* AgentClient.swift */; };
		C1000000000000000000002B /* AgentSessionStore.swift in Sources */ = {isa = PBXBuildFile; fileRef = B10000000000000000000002B /* AgentSessionStore.swift */; };
		C1000000000000000000002C /* FrontmostAppWatcher.swift in Sources */ = {isa = PBXBuildFile; fileRef = B10000000000000000000002C /* FrontmostAppWatcher.swift */; };
		C1000000000000000000002D /* AgentTriggerEngine.swift in Sources */ = {isa = PBXBuildFile; fileRef = B10000000000000000000002D /* AgentTriggerEngine.swift */; };
		C1000000000000000000002E /* ExtensionOverlayController.swift in Sources */ = {isa = PBXBuildFile; fileRef = B10000000000000000000002E /* ExtensionOverlayController.swift */; };
		C1000000000000000000002F /* CareOverlayView.swift in Sources */ = {isa = PBXBuildFile; fileRef = B10000000000000000000002F /* CareOverlayView.swift */; };
		C10000000000000000000030 /* ChatOverlayView.swift in Sources */ = {isa = PBXBuildFile; fileRef = B100000000000000000000030 /* ChatOverlayView.swift */; };
		C10000000000000000000031 /* AgentSettingsView.swift in Sources */ = {isa = PBXBuildFile; fileRef = B100000000000000000000031 /* AgentSettingsView.swift */; };
		C1000000000000000000004E /* AgentSettingsTriggerComponents.swift in Sources */ = {isa = PBXBuildFile; fileRef = B10000000000000000000004E /* AgentSettingsTriggerComponents.swift */; };
		C10000000000000000000032 /* TriggerSpeechBubbleView.swift in Sources */ = {isa = PBXBuildFile; fileRef = B100000000000000000000032 /* TriggerSpeechBubbleView.swift */; };
		C10000000000000000000033 /* AgentConversationStore.swift in Sources */ = {isa = PBXBuildFile; fileRef = B100000000000000000000033 /* AgentConversationStore.swift */; };
		C10000000000000000000034 /* TriggerSpeechHistoryStore.swift in Sources */ = {isa = PBXBuildFile; fileRef = B100000000000000000000034 /* TriggerSpeechHistoryStore.swift */; };
		C10000000000000000000035 /* AgentSessionHistoryViews.swift in Sources */ = {isa = PBXBuildFile; fileRef = B100000000000000000000035 /* AgentSessionHistoryViews.swift */; };
		C10000000000000000000046 /* MainScreenRegionPicker.swift in Sources */ = {isa = PBXBuildFile; fileRef = B100000000000000000000046 /* MainScreenRegionPicker.swift */; };
		C10000000000000000000047 /* ScreenWatchTaskEditorSheet.swift in Sources */ = {isa = PBXBuildFile; fileRef = B100000000000000000000047 /* ScreenWatchTaskEditorSheet.swift */; };
		C10000000000000000000036 /* PetGrowthModels.swift in Sources */ = {isa = PBXBuildFile; fileRef = B100000000000000000000036 /* PetGrowthModels.swift */; };
		C10000000000000000000037 /* PetLocalGrowthEventPool.swift in Sources */ = {isa = PBXBuildFile; fileRef = B100000000000000000000037 /* PetLocalGrowthEventPool.swift */; };
		C10000000000000000000038 /* PetDecayEngine.swift in Sources */ = {isa = PBXBuildFile; fileRef = B100000000000000000000038 /* PetDecayEngine.swift */; };
		C10000000000000000000039 /* PetGrowthAI.swift in Sources */ = {isa = PBXBuildFile; fileRef = B100000000000000000000039 /* PetGrowthAI.swift */; };
		C1000000000000000000003A /* ScreenCaptureService.swift in Sources */ = {isa = PBXBuildFile; fileRef = B10000000000000000000003A /* ScreenCaptureService.swift */; };
		C1000000000000000000003B /* TriggerSpeechSnapshotStorage.swift in Sources */ = {isa = PBXBuildFile; fileRef = B10000000000000000000003B /* TriggerSpeechSnapshotStorage.swift */; };
		C10000000000000000000041 /* SlackTypes.swift in Sources */ = {isa = PBXBuildFile; fileRef = B100000000000000000000041 /* SlackTypes.swift */; };
		C10000000000000000000042 /* SlackSyncController.swift in Sources */ = {isa = PBXBuildFile; fileRef = B100000000000000000000042 /* SlackSyncController.swift */; };
		C10000000000000000000048 /* SlackPetWatchCommand.swift in Sources */ = {isa = PBXBuildFile; fileRef = B100000000000000000000048 /* SlackPetWatchCommand.swift */; };
		C10000000000000000000061 /* SlackPetRemoteClickCommand.swift in Sources */ = {isa = PBXBuildFile; fileRef = B100000000000000000000061 /* SlackPetRemoteClickCommand.swift */; };
		C10000000000000000000065 /* SlackPetHelpCommand.swift in Sources */ = {isa = PBXBuildFile; fileRef = B100000000000000000000065 /* SlackPetHelpCommand.swift */; };
		C10000000000000000000066 /* ScreenSnapCaptureTarget.swift in Sources */ = {isa = PBXBuildFile; fileRef = B100000000000000000000066 /* ScreenSnapCaptureTarget.swift */; };
		C10000000000000000000067 /* SlackPetScreenSnapSettingsCommand.swift in Sources */ = {isa = PBXBuildFile; fileRef = B100000000000000000000067 /* SlackPetScreenSnapSettingsCommand.swift */; };
		C10000000000000000000062 /* SlackRemoteClickSessionStore.swift in Sources */ = {isa = PBXBuildFile; fileRef = B100000000000000000000062 /* SlackRemoteClickSessionStore.swift */; };
		C10000000000000000000063 /* RemoteClickOverlayRenderer.swift in Sources */ = {isa = PBXBuildFile; fileRef = B100000000000000000000063 /* RemoteClickOverlayRenderer.swift */; };
		C10000000000000000000064 /* RemoteClickExecutor.swift in Sources */ = {isa = PBXBuildFile; fileRef = B100000000000000000000064 /* RemoteClickExecutor.swift */; };
		C10000000000000000000043 /* ScreenWatchPersistence.swift in Sources */ = {isa = PBXBuildFile; fileRef = B100000000000000000000043 /* ScreenWatchPersistence.swift */; };
		C10000000000000000000044 /* ScreenWatchDetectors.swift in Sources */ = {isa = PBXBuildFile; fileRef = B100000000000000000000044 /* ScreenWatchDetectors.swift */; };
		C10000000000000000000045 /* ScreenWatchRunner.swift in Sources */ = {isa = PBXBuildFile; fileRef = B100000000000000000000045 /* ScreenWatchRunner.swift */; };
		C10000000000000000000049 /* OverlayPresenting.swift in Sources */ = {isa = PBXBuildFile; fileRef = B100000000000000000000049 /* OverlayPresenting.swift */; };
		C1000000000000000000004A /* DesktopPetAppRouter.swift in Sources */ = {isa = PBXBuildFile; fileRef = B10000000000000000000004A /* DesktopPetAppRouter.swift */; };
		C1000000000000000000004B /* AppRouteBus.swift in Sources */ = {isa = PBXBuildFile; fileRef = B10000000000000000000004B /* AppRouteBus.swift */; };
		C1000000000000000000004C /* SlackInboundAutoReplyService.swift in Sources */ = {isa = PBXBuildFile; fileRef = B10000000000000000000004C /* SlackInboundAutoReplyService.swift */; };
		C1000000000000000000004D /* ScreenWatchHitFeedbackService.swift in Sources */ = {isa = PBXBuildFile; fileRef = B10000000000000000000004D /* ScreenWatchHitFeedbackService.swift */; };
		C1000000000000000000005D /* MultimodalAttachmentLimitsStore.swift in Sources */ = {isa = PBXBuildFile; fileRef = B10000000000000000000005D /* MultimodalAttachmentLimitsStore.swift */; };
		C1000000000000000000005E /* ChatAttachmentStorage.swift in Sources */ = {isa = PBXBuildFile; fileRef = B10000000000000000000005E /* ChatAttachmentStorage.swift */; };
		C1000000000000000000005F /* ChatMultimodalAttachmentCodec.swift in Sources */ = {isa = PBXBuildFile; fileRef = B10000000000000000000005F /* ChatMultimodalAttachmentCodec.swift */; };
		C10000000000000000000060 /* ChatMultimodalAPIBuilder.swift in Sources */ = {isa = PBXBuildFile; fileRef = B100000000000000000000060 /* ChatMultimodalAPIBuilder.swift */; };
		C10000000000000000000051 /* ConnectionTabView.swift in Sources */ = {isa = PBXBuildFile; fileRef = B100000000000000000000051 /* ConnectionTabView.swift */; };
		C10000000000000000000052 /* SessionHistoryTabView.swift in Sources */ = {isa = PBXBuildFile; fileRef = B100000000000000000000052 /* SessionHistoryTabView.swift */; };
		C10000000000000000000053 /* PersonaTabView.swift in Sources */ = {isa = PBXBuildFile; fileRef = B100000000000000000000053 /* PersonaTabView.swift */; };
		C10000000000000000000054 /* TriggersTabView.swift in Sources */ = {isa = PBXBuildFile; fileRef = B100000000000000000000054 /* TriggersTabView.swift */; };
		C10000000000000000000055 /* PrivacyTabView.swift in Sources */ = {isa = PBXBuildFile; fileRef = B100000000000000000000055 /* PrivacyTabView.swift */; };
		C10000000000000000000056 /* GrowthTabView.swift in Sources */ = {isa = PBXBuildFile; fileRef = B100000000000000000000056 /* GrowthTabView.swift */; };
		C10000000000000000000057 /* IntegrationsTabView.swift in Sources */ = {isa = PBXBuildFile; fileRef = B100000000000000000000057 /* IntegrationsTabView.swift */; };
		C10000000000000000000059 /* AgentSettingsWorkspaceTab.swift in Sources */ = {isa = PBXBuildFile; fileRef = B100000000000000000000059 /* AgentSettingsWorkspaceTab.swift */; };
		C1000000000000000000005A /* ConversationCenterTabView.swift in Sources */ = {isa = PBXBuildFile; fileRef = B10000000000000000000005A /* ConversationCenterTabView.swift */; };
		C1000000000000000000005B /* AutomationCenterTabView.swift in Sources */ = {isa = PBXBuildFile; fileRef = B10000000000000000000005B /* AutomationCenterTabView.swift */; };
		C10000000000000000000069 /* AgentSettingsUICopy.swift in Sources */ = {isa = PBXBuildFile; fileRef = B100000000000000000000069 /* AgentSettingsUICopy.swift */; };
		C3D4E5F60718293A4B5C6D7E /* ContentView.swift in Sources */ = {isa = PBXBuildFile; fileRef = D4E5F60718293A4B5C6D7E8F /* ContentView.swift */; };
		E5F60718293A4B5C6D7E8F90 /* Assets.xcassets in Resources */ = {isa = PBXBuildFile; fileRef = F60718293A4B5C6D7E8F90AB /* Assets.xcassets */; };
/* End PBXBuildFile section */

/* Begin PBXFileReference section */
		0718293A4B5C6D7E8F90AB12 /* DesktopPet.app */ = {isa = PBXFileReference; explicitFileType = wrapper.application; includeInIndex = 0; path = DesktopPet.app; sourceTree = BUILT_PRODUCTS_DIR; };
		B100000000000000000000001 /* AppDelegate.swift */ = {isa = PBXFileReference; lastKnownFileType = sourcecode.swift; path = AppDelegate.swift; sourceTree = "<group>"; };
		B100000000000000000000002 /* AppCoordinator.swift */ = {isa = PBXFileReference; lastKnownFileType = sourcecode.swift; path = AppCoordinator.swift; sourceTree = "<group>"; };
		B100000000000000000000049 /* OverlayPresenting.swift */ = {isa = PBXFileReference; lastKnownFileType = sourcecode.swift; path = OverlayPresenting.swift; sourceTree = "<group>"; };
		B10000000000000000000004A /* DesktopPetAppRouter.swift */ = {isa = PBXFileReference; lastKnownFileType = sourcecode.swift; path = DesktopPetAppRouter.swift; sourceTree = "<group>"; };
		B10000000000000000000004B /* AppRouteBus.swift */ = {isa = PBXFileReference; lastKnownFileType = sourcecode.swift; path = AppRouteBus.swift; sourceTree = "<group>"; };
		B10000000000000000000004C /* SlackInboundAutoReplyService.swift */ = {isa = PBXFileReference; lastKnownFileType = sourcecode.swift; path = SlackInboundAutoReplyService.swift; sourceTree = "<group>"; };
		B10000000000000000000004D /* ScreenWatchHitFeedbackService.swift */ = {isa = PBXFileReference; lastKnownFileType = sourcecode.swift; path = ScreenWatchHitFeedbackService.swift; sourceTree = "<group>"; };
		B10000000000000000000005D /* MultimodalAttachmentLimitsStore.swift */ = {isa = PBXFileReference; lastKnownFileType = sourcecode.swift; path = MultimodalAttachmentLimitsStore.swift; sourceTree = "<group>"; };
		B10000000000000000000005E /* ChatAttachmentStorage.swift */ = {isa = PBXFileReference; lastKnownFileType = sourcecode.swift; path = ChatAttachmentStorage.swift; sourceTree = "<group>"; };
		B10000000000000000000005F /* ChatMultimodalAttachmentCodec.swift */ = {isa = PBXFileReference; lastKnownFileType = sourcecode.swift; path = ChatMultimodalAttachmentCodec.swift; sourceTree = "<group>"; };
		B100000000000000000000060 /* ChatMultimodalAPIBuilder.swift */ = {isa = PBXFileReference; lastKnownFileType = sourcecode.swift; path = ChatMultimodalAPIBuilder.swift; sourceTree = "<group>"; };
		B100000000000000000000051 /* ConnectionTabView.swift */ = {isa = PBXFileReference; lastKnownFileType = sourcecode.swift; path = ConnectionTabView.swift; sourceTree = "<group>"; };
		B100000000000000000000052 /* SessionHistoryTabView.swift */ = {isa = PBXFileReference; lastKnownFileType = sourcecode.swift; path = SessionHistoryTabView.swift; sourceTree = "<group>"; };
		B100000000000000000000053 /* PersonaTabView.swift */ = {isa = PBXFileReference; lastKnownFileType = sourcecode.swift; path = PersonaTabView.swift; sourceTree = "<group>"; };
		B100000000000000000000054 /* TriggersTabView.swift */ = {isa = PBXFileReference; lastKnownFileType = sourcecode.swift; path = TriggersTabView.swift; sourceTree = "<group>"; };
		B100000000000000000000055 /* PrivacyTabView.swift */ = {isa = PBXFileReference; lastKnownFileType = sourcecode.swift; path = PrivacyTabView.swift; sourceTree = "<group>"; };
		B100000000000000000000056 /* GrowthTabView.swift */ = {isa = PBXFileReference; lastKnownFileType = sourcecode.swift; path = GrowthTabView.swift; sourceTree = "<group>"; };
		B100000000000000000000057 /* IntegrationsTabView.swift */ = {isa = PBXFileReference; lastKnownFileType = sourcecode.swift; path = IntegrationsTabView.swift; sourceTree = "<group>"; };
		B100000000000000000000059 /* AgentSettingsWorkspaceTab.swift */ = {isa = PBXFileReference; lastKnownFileType = sourcecode.swift; path = AgentSettingsWorkspaceTab.swift; sourceTree = "<group>"; };
		B10000000000000000000005A /* ConversationCenterTabView.swift */ = {isa = PBXFileReference; lastKnownFileType = sourcecode.swift; path = ConversationCenterTabView.swift; sourceTree = "<group>"; };
		B10000000000000000000005B /* AutomationCenterTabView.swift */ = {isa = PBXFileReference; lastKnownFileType = sourcecode.swift; path = AutomationCenterTabView.swift; sourceTree = "<group>"; };
		B100000000000000000000069 /* AgentSettingsUICopy.swift */ = {isa = PBXFileReference; lastKnownFileType = sourcecode.swift; path = AgentSettingsUICopy.swift; sourceTree = "<group>"; };
		B100000000000000000000005 /* MouseTracker.swift */ = {isa = PBXFileReference; lastKnownFileType = sourcecode.swift; path = MouseTracker.swift; sourceTree = "<group>"; };
		B100000000000000000000006 /* InteractionEvent.swift */ = {isa = PBXFileReference; lastKnownFileType = sourcecode.swift; path = InteractionEvent.swift; sourceTree = "<group>"; };
		B100000000000000000000007 /* PetConfig.swift */ = {isa = PBXFileReference; lastKnownFileType = sourcecode.swift; path = PetConfig.swift; sourceTree = "<group>"; };
		B100000000000000000000008 /* AccessibilityPermissionManager.swift */ = {isa = PBXFileReference; lastKnownFileType = sourcecode.swift; path = AccessibilityPermissionManager.swift; sourceTree = "<group>"; };
		B100000000000000000000009 /* PatrolScheduler.swift */ = {isa = PBXFileReference; lastKnownFileType = sourcecode.swift; path = PatrolScheduler.swift; sourceTree = "<group>"; };
		B10000000000000000000000A /* PetState.swift */ = {isa = PBXFileReference; lastKnownFileType = sourcecode.swift; path = PetState.swift; sourceTree = "<group>"; };
		B10000000000000000000000B /* PetStateMachine.swift */ = {isa = PBXFileReference; lastKnownFileType = sourcecode.swift; path = PetStateMachine.swift; sourceTree = "<group>"; };
		B10000000000000000000000C /* HitTestPassthroughView.swift */ = {isa = PBXFileReference; lastKnownFileType = sourcecode.swift; path = HitTestPassthroughView.swift; sourceTree = "<group>"; };
		B10000000000000000000000D /* PetWindow.swift */ = {isa = PBXFileReference; lastKnownFileType = sourcecode.swift; path = PetWindow.swift; sourceTree = "<group>"; };
		B10000000000000000000000E /* PetWindowController.swift */ = {isa = PBXFileReference; lastKnownFileType = sourcecode.swift; path = PetWindowController.swift; sourceTree = "<group>"; };
		B10000000000000000000000F /* PetContainerView.swift */ = {isa = PBXFileReference; lastKnownFileType = sourcecode.swift; path = PetContainerView.swift; sourceTree = "<group>"; };
		B100000000000000000000010 /* PetSpriteView.swift */ = {isa = PBXFileReference; lastKnownFileType = sourcecode.swift; path = PetSpriteView.swift; sourceTree = "<group>"; };
		B100000000000000000000011 /* SettingsFloatingButton.swift */ = {isa = PBXFileReference; lastKnownFileType = sourcecode.swift; path = SettingsFloatingButton.swift; sourceTree = "<group>"; };
		B100000000000000000000012 /* SettingsPanelView.swift */ = {isa = PBXFileReference; lastKnownFileType = sourcecode.swift; path = SettingsPanelView.swift; sourceTree = "<group>"; };
		B100000000000000000000013 /* SettingsViewModel.swift */ = {isa = PBXFileReference; lastKnownFileType = sourcecode.swift; path = SettingsViewModel.swift; sourceTree = "<group>"; };
		B100000000000000000000014 /* Logger.swift */ = {isa = PBXFileReference; lastKnownFileType = sourcecode.swift; path = Logger.swift; sourceTree = "<group>"; };
		B10000000000000000000003D /* InlineMarkdownBubble.swift */ = {isa = PBXFileReference; lastKnownFileType = sourcecode.swift; path = InlineMarkdownBubble.swift; sourceTree = "<group>"; };
		B100000000000000000000015 /* ScreenGeometry.swift */ = {isa = PBXFileReference; lastKnownFileType = sourcecode.swift; path = ScreenGeometry.swift; sourceTree = "<group>"; };
		B100000000000000000000016 /* GlobalInputMonitor.swift */ = {isa = PBXFileReference; lastKnownFileType = sourcecode.swift; path = GlobalInputMonitor.swift; sourceTree = "<group>"; };
		B100000000000000000000017 /* PetRootContainerView.swift */ = {isa = PBXFileReference; lastKnownFileType = sourcecode.swift; path = PetRootContainerView.swift; sourceTree = "<group>"; };
		B100000000000000000000018 /* AnimationDriver.swift */ = {isa = PBXFileReference; lastKnownFileType = sourcecode.swift; path = AnimationDriver.swift; sourceTree = "<group>"; };
		B100000000000000000000019 /* AccessibilityOnboardingView.swift */ = {isa = PBXFileReference; lastKnownFileType = sourcecode.swift; path = AccessibilityOnboardingView.swift; sourceTree = "<group>"; };
		B100000000000000000000021 /* PhysicalKeyLayout.swift */ = {isa = PBXFileReference; lastKnownFileType = sourcecode.swift; path = PhysicalKeyLayout.swift; sourceTree = "<group>"; };
		B100000000000000000000022 /* DeskMirrorModel.swift */ = {isa = PBXFileReference; lastKnownFileType = sourcecode.swift; path = DeskMirrorModel.swift; sourceTree = "<group>"; };
		B100000000000000000000023 /* DeskMirrorTextView.swift */ = {isa = PBXFileReference; lastKnownFileType = sourcecode.swift; path = DeskMirrorTextView.swift; sourceTree = "<group>"; };
		B100000000000000000000024 /* DeskMirrorKeyImage.swift */ = {isa = PBXFileReference; lastKnownFileType = sourcecode.swift; path = DeskMirrorKeyImage.swift; sourceTree = "<group>"; };
		B100000000000000000000025 /* PetCareState.swift */ = {isa = PBXFileReference; lastKnownFileType = sourcecode.swift; path = PetCareState.swift; sourceTree = "<group>"; };
		B100000000000000000000026 /* PetCareModel.swift */ = {isa = PBXFileReference; lastKnownFileType = sourcecode.swift; path = PetCareModel.swift; sourceTree = "<group>"; };
		B100000000000000000000027 /* AgentModels.swift */ = {isa = PBXFileReference; lastKnownFileType = sourcecode.swift; path = AgentModels.swift; sourceTree = "<group>"; };
		B100000000000000000000028 /* KeychainStore.swift */ = {isa = PBXFileReference; lastKnownFileType = sourcecode.swift; path = KeychainStore.swift; sourceTree = "<group>"; };
		B100000000000000000000029 /* AgentSettingsStore.swift */ = {isa = PBXFileReference; lastKnownFileType = sourcecode.swift; path = AgentSettingsStore.swift; sourceTree = "<group>"; };
		B10000000000000000000002A /* AgentClient.swift */ = {isa = PBXFileReference; lastKnownFileType = sourcecode.swift; path = AgentClient.swift; sourceTree = "<group>"; };
		B10000000000000000000002B /* AgentSessionStore.swift */ = {isa = PBXFileReference; lastKnownFileType = sourcecode.swift; path = AgentSessionStore.swift; sourceTree = "<group>"; };
		B10000000000000000000002C /* FrontmostAppWatcher.swift */ = {isa = PBXFileReference; lastKnownFileType = sourcecode.swift; path = FrontmostAppWatcher.swift; sourceTree = "<group>"; };
		B10000000000000000000002D /* AgentTriggerEngine.swift */ = {isa = PBXFileReference; lastKnownFileType = sourcecode.swift; path = AgentTriggerEngine.swift; sourceTree = "<group>"; };
		B10000000000000000000002E /* ExtensionOverlayController.swift */ = {isa = PBXFileReference; lastKnownFileType = sourcecode.swift; path = ExtensionOverlayController.swift; sourceTree = "<group>"; };
		B10000000000000000000002F /* CareOverlayView.swift */ = {isa = PBXFileReference; lastKnownFileType = sourcecode.swift; path = CareOverlayView.swift; sourceTree = "<group>"; };
		B100000000000000000000030 /* ChatOverlayView.swift */ = {isa = PBXFileReference; lastKnownFileType = sourcecode.swift; path = ChatOverlayView.swift; sourceTree = "<group>"; };
		B100000000000000000000031 /* AgentSettingsView.swift */ = {isa = PBXFileReference; lastKnownFileType = sourcecode.swift; path = AgentSettingsView.swift; sourceTree = "<group>"; };
		B10000000000000000000004E /* AgentSettingsTriggerComponents.swift */ = {isa = PBXFileReference; lastKnownFileType = sourcecode.swift; path = AgentSettingsTriggerComponents.swift; sourceTree = "<group>"; };
		B100000000000000000000032 /* TriggerSpeechBubbleView.swift */ = {isa = PBXFileReference; lastKnownFileType = sourcecode.swift; path = TriggerSpeechBubbleView.swift; sourceTree = "<group>"; };
		B100000000000000000000033 /* AgentConversationStore.swift */ = {isa = PBXFileReference; lastKnownFileType = sourcecode.swift; path = AgentConversationStore.swift; sourceTree = "<group>"; };
		B100000000000000000000034 /* TriggerSpeechHistoryStore.swift */ = {isa = PBXFileReference; lastKnownFileType = sourcecode.swift; path = TriggerSpeechHistoryStore.swift; sourceTree = "<group>"; };
		B100000000000000000000035 /* AgentSessionHistoryViews.swift */ = {isa = PBXFileReference; lastKnownFileType = sourcecode.swift; path = AgentSessionHistoryViews.swift; sourceTree = "<group>"; };
		B100000000000000000000046 /* MainScreenRegionPicker.swift */ = {isa = PBXFileReference; lastKnownFileType = sourcecode.swift; path = MainScreenRegionPicker.swift; sourceTree = "<group>"; };
		B100000000000000000000047 /* ScreenWatchTaskEditorSheet.swift */ = {isa = PBXFileReference; lastKnownFileType = sourcecode.swift; path = ScreenWatchTaskEditorSheet.swift; sourceTree = "<group>"; };
		B100000000000000000000036 /* PetGrowthModels.swift */ = {isa = PBXFileReference; lastKnownFileType = sourcecode.swift; path = PetGrowthModels.swift; sourceTree = "<group>"; };
		B100000000000000000000037 /* PetLocalGrowthEventPool.swift */ = {isa = PBXFileReference; lastKnownFileType = sourcecode.swift; path = PetLocalGrowthEventPool.swift; sourceTree = "<group>"; };
		B100000000000000000000038 /* PetDecayEngine.swift */ = {isa = PBXFileReference; lastKnownFileType = sourcecode.swift; path = PetDecayEngine.swift; sourceTree = "<group>"; };
		B100000000000000000000039 /* PetGrowthAI.swift */ = {isa = PBXFileReference; lastKnownFileType = sourcecode.swift; path = PetGrowthAI.swift; sourceTree = "<group>"; };
		B10000000000000000000003A /* ScreenCaptureService.swift */ = {isa = PBXFileReference; lastKnownFileType = sourcecode.swift; path = ScreenCaptureService.swift; sourceTree = "<group>"; };
		B10000000000000000000003B /* TriggerSpeechSnapshotStorage.swift */ = {isa = PBXFileReference; lastKnownFileType = sourcecode.swift; path = TriggerSpeechSnapshotStorage.swift; sourceTree = "<group>"; };
		B100000000000000000000041 /* SlackTypes.swift */ = {isa = PBXFileReference; lastKnownFileType = sourcecode.swift; path = SlackTypes.swift; sourceTree = "<group>"; };
		B100000000000000000000042 /* SlackSyncController.swift */ = {isa = PBXFileReference; lastKnownFileType = sourcecode.swift; path = SlackSyncController.swift; sourceTree = "<group>"; };
		B100000000000000000000048 /* SlackPetWatchCommand.swift */ = {isa = PBXFileReference; lastKnownFileType = sourcecode.swift; path = SlackPetWatchCommand.swift; sourceTree = "<group>"; };
		B100000000000000000000061 /* SlackPetRemoteClickCommand.swift */ = {isa = PBXFileReference; lastKnownFileType = sourcecode.swift; path = SlackPetRemoteClickCommand.swift; sourceTree = "<group>"; };
		B100000000000000000000065 /* SlackPetHelpCommand.swift */ = {isa = PBXFileReference; lastKnownFileType = sourcecode.swift; path = SlackPetHelpCommand.swift; sourceTree = "<group>"; };
		B100000000000000000000066 /* ScreenSnapCaptureTarget.swift */ = {isa = PBXFileReference; lastKnownFileType = sourcecode.swift; path = ScreenSnapCaptureTarget.swift; sourceTree = "<group>"; };
		B100000000000000000000067 /* SlackPetScreenSnapSettingsCommand.swift */ = {isa = PBXFileReference; lastKnownFileType = sourcecode.swift; path = SlackPetScreenSnapSettingsCommand.swift; sourceTree = "<group>"; };
		B100000000000000000000062 /* SlackRemoteClickSessionStore.swift */ = {isa = PBXFileReference; lastKnownFileType = sourcecode.swift; path = SlackRemoteClickSessionStore.swift; sourceTree = "<group>"; };
		B100000000000000000000063 /* RemoteClickOverlayRenderer.swift */ = {isa = PBXFileReference; lastKnownFileType = sourcecode.swift; path = RemoteClickOverlayRenderer.swift; sourceTree = "<group>"; };
		B100000000000000000000064 /* RemoteClickExecutor.swift */ = {isa = PBXFileReference; lastKnownFileType = sourcecode.swift; path = RemoteClickExecutor.swift; sourceTree = "<group>"; };
		B100000000000000000000043 /* ScreenWatchPersistence.swift */ = {isa = PBXFileReference; lastKnownFileType = sourcecode.swift; path = ScreenWatchPersistence.swift; sourceTree = "<group>"; };
		B100000000000000000000044 /* ScreenWatchDetectors.swift */ = {isa = PBXFileReference; lastKnownFileType = sourcecode.swift; path = ScreenWatchDetectors.swift; sourceTree = "<group>"; };
		B100000000000000000000045 /* ScreenWatchRunner.swift */ = {isa = PBXFileReference; lastKnownFileType = sourcecode.swift; path = ScreenWatchRunner.swift; sourceTree = "<group>"; };
		B200000000000000000000040 /* DeskMirror */ = {isa = PBXFileReference; lastKnownFileType = folder; path = DeskMirror; sourceTree = "<group>"; };
		B2C3D4E5F60718293A4B5C6D /* DesktopPetApp.swift */ = {isa = PBXFileReference; lastKnownFileType = sourcecode.swift; path = DesktopPetApp.swift; sourceTree = "<group>"; };
		D4E5F60718293A4B5C6D7E8F /* ContentView.swift */ = {isa = PBXFileReference; lastKnownFileType = sourcecode.swift; path = ContentView.swift; sourceTree = "<group>"; };
		F60718293A4B5C6D7E8F90AB /* Assets.xcassets */ = {isa = PBXFileReference; lastKnownFileType = folder.assetcatalog; path = Assets.xcassets; sourceTree = "<group>"; };
/* End PBXFileReference section */

/* Begin PBXFrameworksBuildPhase section */
		18293A4B5C6D7E8F90AB12C3 /* Frameworks */ = {
			isa = PBXFrameworksBuildPhase;
			buildActionMask = 2147483647;
			files = (
			);
			runOnlyForDeploymentPostprocessing = 0;
		};
/* End PBXFrameworksBuildPhase section */

/* Begin PBXGroup section */
		293A4B5C6D7E8F90AB12C3D4 = {
			isa = PBXGroup;
			children = (
				3A4B5C6D7E8F90AB12C3D4E5 /* DesktopPet */,
				4B5C6D7E8F90AB12C3D4E5F60 /* Products */,
			);
			sourceTree = "<group>";
		};
		3A4B5C6D7E8F90AB12C3D4E5 /* DesktopPet */ = {
			isa = PBXGroup;
			children = (
				A10000000000000000000001 /* App */,
				A10000000000000000000002 /* Core */,
				A10000000000000000000003 /* Features */,
				A10000000000000000000004 /* Utils */,
				A100000000000000000000040 /* Resources */,
				B2C3D4E5F60718293A4B5C6D /* DesktopPetApp.swift */,
				D4E5F60718293A4B5C6D7E8F /* ContentView.swift */,
				F60718293A4B5C6D7E8F90AB /* Assets.xcassets */,
			);
			path = DesktopPet;
			sourceTree = "<group>";
		};
		4B5C6D7E8F90AB12C3D4E5F60 /* Products */ = {
			isa = PBXGroup;
			children = (
				0718293A4B5C6D7E8F90AB12 /* DesktopPet.app */,
			);
			name = Products;
			sourceTree = "<group>";
		};
		A10000000000000000000001 /* App */ = {
			isa = PBXGroup;
			children = (
				B100000000000000000000001 /* AppDelegate.swift */,
				B100000000000000000000002 /* AppCoordinator.swift */,
				B100000000000000000000049 /* OverlayPresenting.swift */,
				B10000000000000000000004A /* DesktopPetAppRouter.swift */,
				B10000000000000000000004B /* AppRouteBus.swift */,
				B10000000000000000000004C /* SlackInboundAutoReplyService.swift */,
				B10000000000000000000004D /* ScreenWatchHitFeedbackService.swift */,
			);
			path = App;
			sourceTree = "<group>";
		};
		A10000000000000000000002 /* Core */ = {
			isa = PBXGroup;
			children = (
				A10000000000000000000005 /* Input */,
				A10000000000000000000006 /* Models */,
				A1000000000000000000000C /* Animation */,
				A10000000000000000000007 /* Permissions */,
				A10000000000000000000008 /* PetState */,
				A10000000000000000000009 /* Window */,
				A10000000000000000000013 /* Capture */,
				A1000000000000000000000E /* Agent */,
				A10000000000000000000014 /* Integrations */,
				A10000000000000000000015 /* Watch */,
				A1000000000000000000000F /* Care */,
			);
			path = Core;
			sourceTree = "<group>";
		};
		A10000000000000000000014 /* Integrations */ = {
			isa = PBXGroup;
			children = (
				B100000000000000000000041 /* SlackTypes.swift */,
				B100000000000000000000042 /* SlackSyncController.swift */,
				B100000000000000000000048 /* SlackPetWatchCommand.swift */,
				B100000000000000000000061 /* SlackPetRemoteClickCommand.swift */,
				B100000000000000000000065 /* SlackPetHelpCommand.swift */,
				B100000000000000000000067 /* SlackPetScreenSnapSettingsCommand.swift */,
				B100000000000000000000062 /* SlackRemoteClickSessionStore.swift */,
			);
			path = Integrations;
			sourceTree = "<group>";
		};
		A10000000000000000000015 /* Watch */ = {
			isa = PBXGroup;
			children = (
				B100000000000000000000043 /* ScreenWatchPersistence.swift */,
				B100000000000000000000044 /* ScreenWatchDetectors.swift */,
				B100000000000000000000045 /* ScreenWatchRunner.swift */,
			);
			path = Watch;
			sourceTree = "<group>";
		};
		A10000000000000000000013 /* Capture */ = {
			isa = PBXGroup;
			children = (
				B100000000000000000000066 /* ScreenSnapCaptureTarget.swift */,
				B10000000000000000000003A /* ScreenCaptureService.swift */,
				B100000000000000000000063 /* RemoteClickOverlayRenderer.swift */,
			);
			path = Capture;
			sourceTree = "<group>";
		};
		A10000000000000000000003 /* Features */ = {
			isa = PBXGroup;
			children = (
				A1000000000000000000000A /* PetView */,
				A1000000000000000000000D /* Onboarding */,
				A1000000000000000000000B /* Settings */,
				A10000000000000000000012 /* Overlay */,
			);
			path = Features;
			sourceTree = "<group>";
		};
		A10000000000000000000004 /* Utils */ = {
			isa = PBXGroup;
			children = (
				B100000000000000000000014 /* Logger.swift */,
				B100000000000000000000015 /* ScreenGeometry.swift */,
				B10000000000000000000003D /* InlineMarkdownBubble.swift */,
			);
			path = Utils;
			sourceTree = "<group>";
		};
		A100000000000000000000040 /* Resources */ = {
			isa = PBXGroup;
			children = (
				B200000000000000000000040 /* DeskMirror */,
			);
			path = Resources;
			sourceTree = "<group>";
		};
		A10000000000000000000005 /* Input */ = {
			isa = PBXGroup;
			children = (
				B100000000000000000000016 /* GlobalInputMonitor.swift */,
				B100000000000000000000005 /* MouseTracker.swift */,
				B100000000000000000000064 /* RemoteClickExecutor.swift */,
			);
			path = Input;
			sourceTree = "<group>";
		};
		A10000000000000000000006 /* Models */ = {
			isa = PBXGroup;
			children = (
				B100000000000000000000006 /* InteractionEvent.swift */,
				B100000000000000000000007 /* PetConfig.swift */,
				B100000000000000000000021 /* PhysicalKeyLayout.swift */,
				B100000000000000000000022 /* DeskMirrorModel.swift */,
			);
			path = Models;
			sourceTree = "<group>";
		};
		A10000000000000000000007 /* Permissions */ = {
			isa = PBXGroup;
			children = (
				B100000000000000000000008 /* AccessibilityPermissionManager.swift */,
			);
			path = Permissions;
			sourceTree = "<group>";
		};
		A10000000000000000000008 /* PetState */ = {
			isa = PBXGroup;
			children = (
				B100000000000000000000009 /* PatrolScheduler.swift */,
				B10000000000000000000000A /* PetState.swift */,
				B10000000000000000000000B /* PetStateMachine.swift */,
			);
			path = PetState;
			sourceTree = "<group>";
		};
		A10000000000000000000009 /* Window */ = {
			isa = PBXGroup;
			children = (
				B10000000000000000000000C /* HitTestPassthroughView.swift */,
				B100000000000000000000017 /* PetRootContainerView.swift */,
				B10000000000000000000000D /* PetWindow.swift */,
				B10000000000000000000000E /* PetWindowController.swift */,
				B10000000000000000000002E /* ExtensionOverlayController.swift */,
			);
			path = Window;
			sourceTree = "<group>";
		};
		A1000000000000000000000A /* PetView */ = {
			isa = PBXGroup;
			children = (
				B100000000000000000000024 /* DeskMirrorKeyImage.swift */,
				B100000000000000000000023 /* DeskMirrorTextView.swift */,
				B10000000000000000000000F /* PetContainerView.swift */,
				B100000000000000000000010 /* PetSpriteView.swift */,
				B100000000000000000000011 /* SettingsFloatingButton.swift */,
			);
			path = PetView;
			sourceTree = "<group>";
		};
		A1000000000000000000000B /* Settings */ = {
			isa = PBXGroup;
			children = (
				B100000000000000000000012 /* SettingsPanelView.swift */,
				B100000000000000000000013 /* SettingsViewModel.swift */,
			);
			path = Settings;
			sourceTree = "<group>";
		};
		A1000000000000000000000C /* Animation */ = {
			isa = PBXGroup;
			children = (
				B100000000000000000000018 /* AnimationDriver.swift */,
			);
			path = Animation;
			sourceTree = "<group>";
		};
		A1000000000000000000000D /* Onboarding */ = {
			isa = PBXGroup;
			children = (
				B100000000000000000000019 /* AccessibilityOnboardingView.swift */,
			);
			path = Onboarding;
			sourceTree = "<group>";
		};
		A1000000000000000000000E /* Agent */ = {
			isa = PBXGroup;
			children = (
				B100000000000000000000027 /* AgentModels.swift */,
				B100000000000000000000028 /* KeychainStore.swift */,
				B100000000000000000000029 /* AgentSettingsStore.swift */,
				B10000000000000000000002A /* AgentClient.swift */,
				B10000000000000000000002B /* AgentSessionStore.swift */,
				B100000000000000000000033 /* AgentConversationStore.swift */,
				B100000000000000000000034 /* TriggerSpeechHistoryStore.swift */,
				B10000000000000000000003B /* TriggerSpeechSnapshotStorage.swift */,
				B10000000000000000000002C /* FrontmostAppWatcher.swift */,
				B10000000000000000000002D /* AgentTriggerEngine.swift */,
				B10000000000000000000005D /* MultimodalAttachmentLimitsStore.swift */,
				B10000000000000000000005E /* ChatAttachmentStorage.swift */,
				B10000000000000000000005F /* ChatMultimodalAttachmentCodec.swift */,
				B100000000000000000000060 /* ChatMultimodalAPIBuilder.swift */,
			);
			path = Agent;
			sourceTree = "<group>";
		};
		A1000000000000000000000F /* Care */ = {
			isa = PBXGroup;
			children = (
				B100000000000000000000025 /* PetCareState.swift */,
				B100000000000000000000026 /* PetCareModel.swift */,
				B100000000000000000000036 /* PetGrowthModels.swift */,
				B100000000000000000000037 /* PetLocalGrowthEventPool.swift */,
				B100000000000000000000038 /* PetDecayEngine.swift */,
				B100000000000000000000039 /* PetGrowthAI.swift */,
			);
			path = Care;
			sourceTree = "<group>";
		};
		A10000000000000000000058 /* AgentSettings */ = {
			isa = PBXGroup;
			children = (
				B100000000000000000000059 /* AgentSettingsWorkspaceTab.swift */,
				B10000000000000000000005A /* ConversationCenterTabView.swift */,
				B10000000000000000000005B /* AutomationCenterTabView.swift */,
				B100000000000000000000051 /* ConnectionTabView.swift */,
				B100000000000000000000052 /* SessionHistoryTabView.swift */,
				B100000000000000000000053 /* PersonaTabView.swift */,
				B100000000000000000000054 /* TriggersTabView.swift */,
				B100000000000000000000055 /* PrivacyTabView.swift */,
				B100000000000000000000056 /* GrowthTabView.swift */,
				B100000000000000000000057 /* IntegrationsTabView.swift */,
				B100000000000000000000069 /* AgentSettingsUICopy.swift */,
			);
			path = AgentSettings;
			sourceTree = "<group>";
		};
		A10000000000000000000012 /* Overlay */ = {
			isa = PBXGroup;
			children = (
				B10000000000000000000002F /* CareOverlayView.swift */,
				B100000000000000000000030 /* ChatOverlayView.swift */,
				B100000000000000000000031 /* AgentSettingsView.swift */,
				A10000000000000000000058 /* AgentSettings */,
				B10000000000000000000004E /* AgentSettingsTriggerComponents.swift */,
				B100000000000000000000035 /* AgentSessionHistoryViews.swift */,
				B100000000000000000000046 /* MainScreenRegionPicker.swift */,
				B100000000000000000000047 /* ScreenWatchTaskEditorSheet.swift */,
				B100000000000000000000032 /* TriggerSpeechBubbleView.swift */,
			);
			path = Overlay;
			sourceTree = "<group>";
		};
/* End PBXGroup section */

/* Begin PBXNativeTarget section */
		5C6D7E8F90AB12C3D4E5F607 /* DesktopPet */ = {
			isa = PBXNativeTarget;
			buildConfigurationList = 6D7E8F90AB12C3D4E5F60718 /* Build configuration list for PBXNativeTarget "DesktopPet" */;
			buildPhases = (
				7E8F90AB12C3D4E5F6071829 /* Sources */,
				18293A4B5C6D7E8F90AB12C3 /* Frameworks */,
				8F90AB12C3D4E5F60718293A /* Resources */,
			);
			buildRules = (
			);
			dependencies = (
			);
			name = DesktopPet;
			productName = DesktopPet;
			productReference = 0718293A4B5C6D7E8F90AB12 /* DesktopPet.app */;
			productType = "com.apple.product-type.application";
		};
/* End PBXNativeTarget section */

/* Begin PBXProject section */
		90AB12C3D4E5F60718293A4B /* Project object */ = {
			isa = PBXProject;
			attributes = {
				BuildIndependentTargetsInParallel = 1;
				LastSwiftUpdateCheck = 1620;
				LastUpgradeCheck = 1620;
				TargetAttributes = {
					5C6D7E8F90AB12C3D4E5F607 = {
						CreatedOnToolsVersion = 16.2;
					};
				};
			};
			buildConfigurationList = AB12C3D4E5F60718293A4B5C6 /* Build configuration list for PBXProject "DesktopPet" */;
			compatibilityVersion = "Xcode 14.0";
			developmentRegion = en;
			hasScannedForEncodings = 0;
			knownRegions = (
				en,
				Base,
			);
			mainGroup = 293A4B5C6D7E8F90AB12C3D4;
			minimizedProjectReferenceProxies = 1;
			productRefGroup = 4B5C6D7E8F90AB12C3D4E5F60 /* Products */;
			projectDirPath = "";
			projectRoot = "";
			targets = (
				5C6D7E8F90AB12C3D4E5F607 /* DesktopPet */,
			);
		};
/* End PBXProject section */

/* Begin PBXResourcesBuildPhase section */
		8F90AB12C3D4E5F60718293A /* Resources */ = {
			isa = PBXResourcesBuildPhase;
			buildActionMask = 2147483647;
			files = (
				C20000000000000000000040 /* DeskMirror in Resources */,
				E5F60718293A4B5C6D7E8F90 /* Assets.xcassets in Resources */,
			);
			runOnlyForDeploymentPostprocessing = 0;
		};
/* End PBXResourcesBuildPhase section */

/* Begin PBXSourcesBuildPhase section */
		7E8F90AB12C3D4E5F6071829 /* Sources */ = {
			isa = PBXSourcesBuildPhase;
			buildActionMask = 2147483647;
			files = (
				A1B2C3D4E5F6789012345689 /* DesktopPetApp.swift in Sources */,
				C3D4E5F60718293A4B5C6D7E /* ContentView.swift in Sources */,
				C10000000000000000000001 /* AppDelegate.swift in Sources */,
				C10000000000000000000002 /* AppCoordinator.swift in Sources */,
				C10000000000000000000049 /* OverlayPresenting.swift in Sources */,
				C1000000000000000000004A /* DesktopPetAppRouter.swift in Sources */,
				C1000000000000000000004B /* AppRouteBus.swift in Sources */,
				C1000000000000000000004C /* SlackInboundAutoReplyService.swift in Sources */,
				C1000000000000000000004D /* ScreenWatchHitFeedbackService.swift in Sources */,
				C10000000000000000000016 /* GlobalInputMonitor.swift in Sources */,
				C10000000000000000000005 /* MouseTracker.swift in Sources */,
				C10000000000000000000006 /* InteractionEvent.swift in Sources */,
				C10000000000000000000021 /* PhysicalKeyLayout.swift in Sources */,
				C10000000000000000000022 /* DeskMirrorModel.swift in Sources */,
				C10000000000000000000007 /* PetConfig.swift in Sources */,
				C10000000000000000000008 /* AccessibilityPermissionManager.swift in Sources */,
				C10000000000000000000009 /* PatrolScheduler.swift in Sources */,
				C1000000000000000000000A /* PetState.swift in Sources */,
				C1000000000000000000000B /* PetStateMachine.swift in Sources */,
				C1000000000000000000000C /* HitTestPassthroughView.swift in Sources */,
				C1000000000000000000000D /* PetWindow.swift in Sources */,
				C1000000000000000000000E /* PetWindowController.swift in Sources */,
				C1000000000000000000000F /* PetContainerView.swift in Sources */,
				C10000000000000000000010 /* PetSpriteView.swift in Sources */,
				C10000000000000000000023 /* DeskMirrorTextView.swift in Sources */,
				C10000000000000000000024 /* DeskMirrorKeyImage.swift in Sources */,
				C10000000000000000000011 /* SettingsFloatingButton.swift in Sources */,
				C10000000000000000000012 /* SettingsPanelView.swift in Sources */,
				C10000000000000000000013 /* SettingsViewModel.swift in Sources */,
				C10000000000000000000014 /* Logger.swift in Sources */,
				C1000000000000000000003D /* InlineMarkdownBubble.swift in Sources */,
				C10000000000000000000015 /* ScreenGeometry.swift in Sources */,
				C10000000000000000000017 /* PetRootContainerView.swift in Sources */,
				C10000000000000000000018 /* AnimationDriver.swift in Sources */,
				C10000000000000000000019 /* AccessibilityOnboardingView.swift in Sources */,
				C10000000000000000000025 /* PetCareState.swift in Sources */,
				C10000000000000000000026 /* PetCareModel.swift in Sources */,
				C10000000000000000000027 /* AgentModels.swift in Sources */,
				C10000000000000000000028 /* KeychainStore.swift in Sources */,
				C10000000000000000000029 /* AgentSettingsStore.swift in Sources */,
				C1000000000000000000002A /* AgentClient.swift in Sources */,
				C1000000000000000000002B /* AgentSessionStore.swift in Sources */,
				C1000000000000000000002C /* FrontmostAppWatcher.swift in Sources */,
				C1000000000000000000002D /* AgentTriggerEngine.swift in Sources */,
				C1000000000000000000005D /* MultimodalAttachmentLimitsStore.swift in Sources */,
				C1000000000000000000005E /* ChatAttachmentStorage.swift in Sources */,
				C1000000000000000000005F /* ChatMultimodalAttachmentCodec.swift in Sources */,
				C10000000000000000000060 /* ChatMultimodalAPIBuilder.swift in Sources */,
				C1000000000000000000002E /* ExtensionOverlayController.swift in Sources */,
				C1000000000000000000002F /* CareOverlayView.swift in Sources */,
				C10000000000000000000030 /* ChatOverlayView.swift in Sources */,
				C10000000000000000000031 /* AgentSettingsView.swift in Sources */,
				C10000000000000000000059 /* AgentSettingsWorkspaceTab.swift in Sources */,
				C1000000000000000000005A /* ConversationCenterTabView.swift in Sources */,
				C1000000000000000000005B /* AutomationCenterTabView.swift in Sources */,
				C10000000000000000000069 /* AgentSettingsUICopy.swift in Sources */,
				C10000000000000000000051 /* ConnectionTabView.swift in Sources */,
				C10000000000000000000052 /* SessionHistoryTabView.swift in Sources */,
				C10000000000000000000053 /* PersonaTabView.swift in Sources */,
				C10000000000000000000054 /* TriggersTabView.swift in Sources */,
				C10000000000000000000055 /* PrivacyTabView.swift in Sources */,
				C10000000000000000000056 /* GrowthTabView.swift in Sources */,
				C10000000000000000000057 /* IntegrationsTabView.swift in Sources */,
				C1000000000000000000004E /* AgentSettingsTriggerComponents.swift in Sources */,
				C10000000000000000000032 /* TriggerSpeechBubbleView.swift in Sources */,
				C10000000000000000000033 /* AgentConversationStore.swift in Sources */,
				C10000000000000000000034 /* TriggerSpeechHistoryStore.swift in Sources */,
				C1000000000000000000003B /* TriggerSpeechSnapshotStorage.swift in Sources */,
				C10000000000000000000035 /* AgentSessionHistoryViews.swift in Sources */,
				C10000000000000000000046 /* MainScreenRegionPicker.swift in Sources */,
				C10000000000000000000047 /* ScreenWatchTaskEditorSheet.swift in Sources */,
				C10000000000000000000036 /* PetGrowthModels.swift in Sources */,
				C10000000000000000000037 /* PetLocalGrowthEventPool.swift in Sources */,
				C10000000000000000000038 /* PetDecayEngine.swift in Sources */,
				C10000000000000000000039 /* PetGrowthAI.swift in Sources */,
				C10000000000000000000066 /* ScreenSnapCaptureTarget.swift in Sources */,
				C1000000000000000000003A /* ScreenCaptureService.swift in Sources */,
				C10000000000000000000041 /* SlackTypes.swift in Sources */,
				C10000000000000000000042 /* SlackSyncController.swift in Sources */,
				C10000000000000000000048 /* SlackPetWatchCommand.swift in Sources */,
				C10000000000000000000061 /* SlackPetRemoteClickCommand.swift in Sources */,
				C10000000000000000000065 /* SlackPetHelpCommand.swift in Sources */,
				C10000000000000000000067 /* SlackPetScreenSnapSettingsCommand.swift in Sources */,
				C10000000000000000000062 /* SlackRemoteClickSessionStore.swift in Sources */,
				C10000000000000000000063 /* RemoteClickOverlayRenderer.swift in Sources */,
				C10000000000000000000064 /* RemoteClickExecutor.swift in Sources */,
				C10000000000000000000043 /* ScreenWatchPersistence.swift in Sources */,
				C10000000000000000000044 /* ScreenWatchDetectors.swift in Sources */,
				C10000000000000000000045 /* ScreenWatchRunner.swift in Sources */,
			);
			runOnlyForDeploymentPostprocessing = 0;
		};
/* End PBXSourcesBuildPhase section */

/* Begin XCBuildConfiguration section */
		B12C3D4E5F60718293A4B5C6D /* Debug */ = {
			isa = XCBuildConfiguration;
			buildSettings = {
				ALWAYS_SEARCH_USER_PATHS = NO;
				ASSETCATALOG_COMPILER_GENERATE_SWIFT_ASSET_SYMBOL_EXTENSIONS = YES;
				CLANG_ANALYZER_NONNULL = YES;
				CLANG_ANALYZER_NUMBER_OBJECT_CONVERSION = YES_AGGRESSIVE;
				CLANG_CXX_LANGUAGE_STANDARD = "gnu++20";
				CLANG_ENABLE_MODULES = YES;
				CLANG_ENABLE_OBJC_ARC = YES;
				CLANG_ENABLE_OBJC_WEAK = YES;
				CLANG_WARN_BLOCK_CAPTURE_AUTORELEASING = YES;
				CLANG_WARN_BOOL_CONVERSION = YES;
				CLANG_WARN_COMMA = YES;
				CLANG_WARN_CONSTANT_CONVERSION = YES;
				CLANG_WARN_DEPRECATED_OBJC_IMPLEMENTATIONS = YES;
				CLANG_WARN_DIRECT_OBJC_ISA_USAGE = YES_ERROR;
				CLANG_WARN_DOCUMENTATION_COMMENTS = YES;
				CLANG_WARN_EMPTY_BODY = YES;
				CLANG_WARN_ENUM_CONVERSION = YES;
				CLANG_WARN_INFINITE_RECURSION = YES;
				CLANG_WARN_INT_CONVERSION = YES;
				CLANG_WARN_NON_LITERAL_NULL_CONVERSION = YES;
				CLANG_WARN_OBJC_IMPLICIT_RETAIN_SELF = YES;
				CLANG_WARN_OBJC_LITERAL_CONVERSION = YES;
				CLANG_WARN_OBJC_ROOT_CLASS = YES_ERROR;
				CLANG_WARN_QUOTED_INCLUDE_IN_FRAMEWORK_HEADER = YES;
				CLANG_WARN_RANGE_LOOP_ANALYSIS = YES;
				CLANG_WARN_STRICT_PROTOTYPES = YES;
				CLANG_WARN_SUSPICIOUS_MOVE = YES;
				CLANG_WARN_UNGUARDED_AVAILABILITY = YES_AGGRESSIVE;
				CLANG_WARN_UNREACHABLE_CODE = YES;
				CLANG_WARN__DUPLICATE_METHOD_MATCH = YES;
				COPY_PHASE_STRIP = NO;
				DEBUG_INFORMATION_FORMAT = dwarf;
				ENABLE_STRICT_OBJC_MSGSEND = YES;
				ENABLE_TESTABILITY = YES;
				ENABLE_USER_SCRIPT_SANDBOXING = YES;
				GCC_C_LANGUAGE_STANDARD = gnu17;
				GCC_DYNAMIC_NO_PIC = NO;
				GCC_NO_COMMON_BLOCKS = YES;
				GCC_OPTIMIZATION_LEVEL = 0;
				GCC_PREPROCESSOR_DEFINITIONS = (
					"DEBUG=1",
					"$(inherited)",
				);
				GCC_WARN_64_TO_32_BIT_CONVERSION = YES;
				GCC_WARN_ABOUT_RETURN_TYPE = YES_ERROR;
				GCC_WARN_UNDECLARED_SELECTOR = YES;
				GCC_WARN_UNINITIALIZED_AUTOS = YES_AGGRESSIVE;
				GCC_WARN_UNUSED_FUNCTION = YES;
				GCC_WARN_UNUSED_VARIABLE = YES;
				LOCALIZATION_PREFERS_STRING_CATALOGS = YES;
				MACOSX_DEPLOYMENT_TARGET = 14.0;
				MTL_ENABLE_DEBUG_INFO = INCLUDE_SOURCE;
				MTL_FAST_MATH = YES;
				ONLY_ACTIVE_ARCH = YES;
				SDKROOT = macosx;
				SWIFT_ACTIVE_COMPILATION_CONDITIONS = "DEBUG $(inherited)";
				SWIFT_OPTIMIZATION_LEVEL = "-Onone";
			};
			name = Debug;
		};
		C3D4E5F60718293A4B5C6D7E8 /* Release */ = {
			isa = XCBuildConfiguration;
			buildSettings = {
				ALWAYS_SEARCH_USER_PATHS = NO;
				ASSETCATALOG_COMPILER_GENERATE_SWIFT_ASSET_SYMBOL_EXTENSIONS = YES;
				CLANG_ANALYZER_NONNULL = YES;
				CLANG_ANALYZER_NUMBER_OBJECT_CONVERSION = YES_AGGRESSIVE;
				CLANG_CXX_LANGUAGE_STANDARD = "gnu++20";
				CLANG_ENABLE_MODULES = YES;
				CLANG_ENABLE_OBJC_ARC = YES;
				CLANG_ENABLE_OBJC_WEAK = YES;
				CLANG_WARN_BLOCK_CAPTURE_AUTORELEASING = YES;
				CLANG_WARN_BOOL_CONVERSION = YES;
				CLANG_WARN_COMMA = YES;
				CLANG_WARN_CONSTANT_CONVERSION = YES;
				CLANG_WARN_DEPRECATED_OBJC_IMPLEMENTATIONS = YES;
				CLANG_WARN_DIRECT_OBJC_ISA_USAGE = YES_ERROR;
				CLANG_WARN_DOCUMENTATION_COMMENTS = YES;
				CLANG_WARN_EMPTY_BODY = YES;
				CLANG_WARN_ENUM_CONVERSION = YES;
				CLANG_WARN_INFINITE_RECURSION = YES;
				CLANG_WARN_INT_CONVERSION = YES;
				CLANG_WARN_NON_LITERAL_NULL_CONVERSION = YES;
				CLANG_WARN_OBJC_IMPLICIT_RETAIN_SELF = YES;
				CLANG_WARN_OBJC_LITERAL_CONVERSION = YES;
				CLANG_WARN_OBJC_ROOT_CLASS = YES_ERROR;
				CLANG_WARN_QUOTED_INCLUDE_IN_FRAMEWORK_HEADER = YES;
				CLANG_WARN_RANGE_LOOP_ANALYSIS = YES;
				CLANG_WARN_STRICT_PROTOTYPES = YES;
				CLANG_WARN_SUSPICIOUS_MOVE = YES;
				CLANG_WARN_UNGUARDED_AVAILABILITY = YES_AGGRESSIVE;
				CLANG_WARN_UNREACHABLE_CODE = YES;
				CLANG_WARN__DUPLICATE_METHOD_MATCH = YES;
				COPY_PHASE_STRIP = NO;
				DEBUG_INFORMATION_FORMAT = "dwarf-with-dsym";
				ENABLE_NS_ASSERTIONS = NO;
				ENABLE_STRICT_OBJC_MSGSEND = YES;
				ENABLE_USER_SCRIPT_SANDBOXING = YES;
				GCC_C_LANGUAGE_STANDARD = gnu17;
				GCC_NO_COMMON_BLOCKS = YES;
				GCC_WARN_64_TO_32_BIT_CONVERSION = YES;
				GCC_WARN_ABOUT_RETURN_TYPE = YES_ERROR;
				GCC_WARN_UNDECLARED_SELECTOR = YES;
				GCC_WARN_UNINITIALIZED_AUTOS = YES_AGGRESSIVE;
				GCC_WARN_UNUSED_FUNCTION = YES;
				GCC_WARN_UNUSED_VARIABLE = YES;
				LOCALIZATION_PREFERS_STRING_CATALOGS = YES;
				MACOSX_DEPLOYMENT_TARGET = 14.0;
				MTL_ENABLE_DEBUG_INFO = NO;
				MTL_FAST_MATH = YES;
				SDKROOT = macosx;
				SWIFT_COMPILATION_MODE = wholemodule;
			};
			name = Release;
		};
		D4E5F60718293A4B5C6D7E8F9 /* Debug */ = {
			isa = XCBuildConfiguration;
			buildSettings = {
				ASSETCATALOG_COMPILER_APPICON_NAME = AppIcon;
				ASSETCATALOG_COMPILER_GLOBAL_ACCENT_COLOR_NAME = AccentColor;
				CODE_SIGN_ENTITLEMENTS = "";
				CODE_SIGN_STYLE = Automatic;
				COMBINE_HIDPI_IMAGES = YES;
				CURRENT_PROJECT_VERSION = 1;
				DEVELOPMENT_TEAM = BFYDGS756S;
				ENABLE_APP_SANDBOX = NO;
				ENABLE_HARDENED_RUNTIME = YES;
				ENABLE_PREVIEWS = YES;
				ENABLE_USER_SELECTED_FILES = readonly;
				GENERATE_INFOPLIST_FILE = YES;
				INFOPLIST_KEY_CFBundleDisplayName = DesktopPet;
				INFOPLIST_KEY_LSApplicationCategoryType = "public.app-category.utilities";
				INFOPLIST_KEY_NSAccessibilityUsageDescription = "DesktopPet 需要辅助功能以便在您使用其他应用时接收键盘事件，用于桌宠动画反馈；不会上传或记录键入内容。";
				INFOPLIST_KEY_NSHumanReadableCopyright = "";
				LD_RUNPATH_SEARCH_PATHS = (
					"$(inherited)",
					"@executable_path/../Frameworks",
				);
				MARKETING_VERSION = 1.0;
				PRODUCT_BUNDLE_IDENTIFIER = io.github.powerpan.DesktopPet;
				PRODUCT_NAME = "$(TARGET_NAME)";
				SWIFT_EMIT_LOC_STRINGS = YES;
				SWIFT_STRICT_CONCURRENCY = complete;
				SWIFT_VERSION = 5.0;
			};
			name = Debug;
		};
		F60718293A4B5C6D7E8F90AC /* Release */ = {
			isa = XCBuildConfiguration;
			buildSettings = {
				ASSETCATALOG_COMPILER_APPICON_NAME = AppIcon;
				ASSETCATALOG_COMPILER_GLOBAL_ACCENT_COLOR_NAME = AccentColor;
				CODE_SIGN_ENTITLEMENTS = "";
				CODE_SIGN_STYLE = Automatic;
				COMBINE_HIDPI_IMAGES = YES;
				CURRENT_PROJECT_VERSION = 1;
				DEVELOPMENT_TEAM = BFYDGS756S;
				ENABLE_APP_SANDBOX = NO;
				ENABLE_HARDENED_RUNTIME = YES;
				ENABLE_PREVIEWS = YES;
				ENABLE_USER_SELECTED_FILES = readonly;
				GENERATE_INFOPLIST_FILE = YES;
				INFOPLIST_KEY_CFBundleDisplayName = DesktopPet;
				INFOPLIST_KEY_LSApplicationCategoryType = "public.app-category.utilities";
				INFOPLIST_KEY_NSAccessibilityUsageDescription = "DesktopPet 需要辅助功能以便在您使用其他应用时接收键盘事件，用于桌宠动画反馈；不会上传或记录键入内容。";
				INFOPLIST_KEY_NSHumanReadableCopyright = "";
				LD_RUNPATH_SEARCH_PATHS = (
					"$(inherited)",
					"@executable_path/../Frameworks",
				);
				MARKETING_VERSION = 1.0;
				PRODUCT_BUNDLE_IDENTIFIER = io.github.powerpan.DesktopPet;
				PRODUCT_NAME = "$(TARGET_NAME)";
				SWIFT_EMIT_LOC_STRINGS = YES;
				SWIFT_STRICT_CONCURRENCY = complete;
				SWIFT_VERSION = 5.0;
			};
			name = Release;
		};
/* End XCBuildConfiguration section */

/* Begin XCConfigurationList section */
		6D7E8F90AB12C3D4E5F60718 /* Build configuration list for PBXNativeTarget "DesktopPet" */ = {
			isa = XCConfigurationList;
			buildConfigurations = (
				D4E5F60718293A4B5C6D7E8F9 /* Debug */,
				F60718293A4B5C6D7E8F90AC /* Release */,
			);
			defaultConfigurationIsVisible = 0;
			defaultConfigurationName = Release;
		};
		AB12C3D4E5F60718293A4B5C6 /* Build configuration list for PBXProject "DesktopPet" */ = {
			isa = XCConfigurationList;
			buildConfigurations = (
				B12C3D4E5F60718293A4B5C6D /* Debug */,
				C3D4E5F60718293A4B5C6D7E8 /* Release */,
			);
			defaultConfigurationIsVisible = 0;
			defaultConfigurationName = Release;
		};
/* End XCConfigurationList section */
	};
	rootObject = 90AB12C3D4E5F60718293A4B /* Project object */;
}
