// !$*UTF8*$!
{
	archiveVersion = 1;
	classes = {
	};
	objectVersion = 63;
	objects = {

/* Begin PBXBuildFile section */
		A1B2C3D4E5F6789012345689 /* DesktopPetApp.swift in Sources */ = {isa = PBXBuildFile; fileRef = B2C3D4E5F60718293A4B5C6D /* DesktopPetApp.swift */; };
		C10000000000000000000001 /* AppDelegate.swift in Sources */ = {isa = PBXBuildFile; fileRef = B100000000000000000000001 /* AppDelegate.swift */; };
		C10000000000000000000002 /* AppCoordinator.swift in Sources */ = {isa = PBXBuildFile; fileRef = B100000000000000000000002 /* AppCoordinator.swift */; };
		C10000000000000000000005 /* MouseTracker.swift in Sources */ = {isa = PBXBuildFile; fileRef = B100000000000000000000005 /* MouseTracker.swift */; };
		C10000000000000000000006 /* InteractionEvent.swift in Sources */ = {isa = PBXBuildFile; fileRef = B100000000000000000000006 /* InteractionEvent.swift */; };
		C10000000000000000000007 /* PetConfig.swift in Sources */ = {isa = PBXBuildFile; fileRef = B100000000000000000000007 /* PetConfig.swift */; };
		C10000000000000000000008 /* AccessibilityPermissionManager.swift in Sources */ = {isa = PBXBuildFile; fileRef = B100000000000000000000008 /* AccessibilityPermissionManager.swift */; };
		C10000000000000000000009 /* PatrolScheduler.swift in Sources */ = {isa = PBXBuildFile; fileRef = B100000000000000000000009 /* PatrolScheduler.swift */; };
		C1000000000000000000000A /* PetState.swift in Sources */ = {isa = PBXBuildFile; fileRef = B10000000000000000000000A /* PetState.swift */; };
		C1000000000000000000000B /* PetStateMachine.swift in Sources */ = {isa = PBXBuildFile; fileRef = B10000000000000000000000B /* PetStateMachine.swift */; };
		C1000000000000000000000C /* HitTestPassthroughView.swift in Sources */ = {isa = PBXBuildFile; fileRef = B10000000000000000000000C /* HitTestPassthroughView.swift */; };
		C1000000000000000000000D /* PetWindow.swift in Sources */ = {isa = PBXBuildFile; fileRef = B10000000000000000000000D /* PetWindow.swift */; };
		C1000000000000000000000E /* PetWindowController.swift in Sources */ = {isa = PBXBuildFile; fileRef = B10000000000000000000000E /* PetWindowController.swift */; };
		C1000000000000000000000F /* PetContainerView.swift in Sources */ = {isa = PBXBuildFile; fileRef = B10000000000000000000000F /* PetContainerView.swift */; };
		C10000000000000000000010 /* PetSpriteView.swift in Sources */ = {isa = PBXBuildFile; fileRef = B100000000000000000000010 /* PetSpriteView.swift */; };
		C10000000000000000000011 /* SettingsFloatingButton.swift in Sources */ = {isa = PBXBuildFile; fileRef = B100000000000000000000011 /* SettingsFloatingButton.swift */; };
		C10000000000000000000012 /* SettingsPanelView.swift in Sources */ = {isa = PBXBuildFile; fileRef = B100000000000000000000012 /* SettingsPanelView.swift */; };
		C10000000000000000000013 /* SettingsViewModel.swift in Sources */ = {isa = PBXBuildFile; fileRef = B100000000000000000000013 /* SettingsViewModel.swift */; };
		C10000000000000000000014 /* Logger.swift in Sources */ = {isa = PBXBuildFile; fileRef = B100000000000000000000014 /* Logger.swift */; };
		C10000000000000000000015 /* ScreenGeometry.swift in Sources */ = {isa = PBXBuildFile; fileRef = B100000000000000000000015 /* ScreenGeometry.swift */; };
		C10000000000000000000016 /* GlobalInputMonitor.swift in Sources */ = {isa = PBXBuildFile; fileRef = B100000000000000000000016 /* GlobalInputMonitor.swift */; };
		C10000000000000000000017 /* PetRootContainerView.swift in Sources */ = {isa = PBXBuildFile; fileRef = B100000000000000000000017 /* PetRootContainerView.swift */; };
		C10000000000000000000018 /* AnimationDriver.swift in Sources */ = {isa = PBXBuildFile; fileRef = B100000000000000000000018 /* AnimationDriver.swift */; };
		C10000000000000000000019 /* AccessibilityOnboardingView.swift in Sources */ = {isa = PBXBuildFile; fileRef = B100000000000000000000019 /* AccessibilityOnboardingView.swift */; };
		C10000000000000000000020 /* PointerTrackingModel.swift in Sources */ = {isa = PBXBuildFile; fileRef = B100000000000000000000020 /* PointerTrackingModel.swift */; };
		C3D4E5F60718293A4B5C6D7E /* ContentView.swift in Sources */ = {isa = PBXBuildFile; fileRef = D4E5F60718293A4B5C6D7E8F /* ContentView.swift */; };
		E5F60718293A4B5C6D7E8F90 /* Assets.xcassets in Resources */ = {isa = PBXBuildFile; fileRef = F60718293A4B5C6D7E8F90AB /* Assets.xcassets */; };
/* End PBXBuildFile section */

/* Begin PBXFileReference section */
		0718293A4B5C6D7E8F90AB12 /* DesktopPet.app */ = {isa = PBXFileReference; explicitFileType = wrapper.application; includeInIndex = 0; path = DesktopPet.app; sourceTree = BUILT_PRODUCTS_DIR; };
		B100000000000000000000001 /* AppDelegate.swift */ = {isa = PBXFileReference; lastKnownFileType = sourcecode.swift; path = AppDelegate.swift; sourceTree = "<group>"; };
		B100000000000000000000002 /* AppCoordinator.swift */ = {isa = PBXFileReference; lastKnownFileType = sourcecode.swift; path = AppCoordinator.swift; sourceTree = "<group>"; };
		B100000000000000000000005 /* MouseTracker.swift */ = {isa = PBXFileReference; lastKnownFileType = sourcecode.swift; path = MouseTracker.swift; sourceTree = "<group>"; };
		B100000000000000000000006 /* InteractionEvent.swift */ = {isa = PBXFileReference; lastKnownFileType = sourcecode.swift; path = InteractionEvent.swift; sourceTree = "<group>"; };
		B100000000000000000000007 /* PetConfig.swift */ = {isa = PBXFileReference; lastKnownFileType = sourcecode.swift; path = PetConfig.swift; sourceTree = "<group>"; };
		B100000000000000000000008 /* AccessibilityPermissionManager.swift */ = {isa = PBXFileReference; lastKnownFileType = sourcecode.swift; path = AccessibilityPermissionManager.swift; sourceTree = "<group>"; };
		B100000000000000000000009 /* PatrolScheduler.swift */ = {isa = PBXFileReference; lastKnownFileType = sourcecode.swift; path = PatrolScheduler.swift; sourceTree = "<group>"; };
		B10000000000000000000000A /* PetState.swift */ = {isa = PBXFileReference; lastKnownFileType = sourcecode.swift; path = PetState.swift; sourceTree = "<group>"; };
		B10000000000000000000000B /* PetStateMachine.swift */ = {isa = PBXFileReference; lastKnownFileType = sourcecode.swift; path = PetStateMachine.swift; sourceTree = "<group>"; };
		B10000000000000000000000C /* HitTestPassthroughView.swift */ = {isa = PBXFileReference; lastKnownFileType = sourcecode.swift; path = HitTestPassthroughView.swift; sourceTree = "<group>"; };
		B10000000000000000000000D /* PetWindow.swift */ = {isa = PBXFileReference; lastKnownFileType = sourcecode.swift; path = PetWindow.swift; sourceTree = "<group>"; };
		B10000000000000000000000E /* PetWindowController.swift */ = {isa = PBXFileReference; lastKnownFileType = sourcecode.swift; path = PetWindowController.swift; sourceTree = "<group>"; };
		B10000000000000000000000F /* PetContainerView.swift */ = {isa = PBXFileReference; lastKnownFileType = sourcecode.swift; path = PetContainerView.swift; sourceTree = "<group>"; };
		B100000000000000000000010 /* PetSpriteView.swift */ = {isa = PBXFileReference; lastKnownFileType = sourcecode.swift; path = PetSpriteView.swift; sourceTree = "<group>"; };
		B100000000000000000000011 /* SettingsFloatingButton.swift */ = {isa = PBXFileReference; lastKnownFileType = sourcecode.swift; path = SettingsFloatingButton.swift; sourceTree = "<group>"; };
		B100000000000000000000012 /* SettingsPanelView.swift */ = {isa = PBXFileReference; lastKnownFileType = sourcecode.swift; path = SettingsPanelView.swift; sourceTree = "<group>"; };
		B100000000000000000000013 /* SettingsViewModel.swift */ = {isa = PBXFileReference; lastKnownFileType = sourcecode.swift; path = SettingsViewModel.swift; sourceTree = "<group>"; };
		B100000000000000000000014 /* Logger.swift */ = {isa = PBXFileReference; lastKnownFileType = sourcecode.swift; path = Logger.swift; sourceTree = "<group>"; };
		B100000000000000000000015 /* ScreenGeometry.swift */ = {isa = PBXFileReference; lastKnownFileType = sourcecode.swift; path = ScreenGeometry.swift; sourceTree = "<group>"; };
		B100000000000000000000016 /* GlobalInputMonitor.swift */ = {isa = PBXFileReference; lastKnownFileType = sourcecode.swift; path = GlobalInputMonitor.swift; sourceTree = "<group>"; };
		B100000000000000000000017 /* PetRootContainerView.swift */ = {isa = PBXFileReference; lastKnownFileType = sourcecode.swift; path = PetRootContainerView.swift; sourceTree = "<group>"; };
		B100000000000000000000018 /* AnimationDriver.swift */ = {isa = PBXFileReference; lastKnownFileType = sourcecode.swift; path = AnimationDriver.swift; sourceTree = "<group>"; };
		B100000000000000000000019 /* AccessibilityOnboardingView.swift */ = {isa = PBXFileReference; lastKnownFileType = sourcecode.swift; path = AccessibilityOnboardingView.swift; sourceTree = "<group>"; };
		B100000000000000000000020 /* PointerTrackingModel.swift */ = {isa = PBXFileReference; lastKnownFileType = sourcecode.swift; path = PointerTrackingModel.swift; sourceTree = "<group>"; };
		B2C3D4E5F60718293A4B5C6D /* DesktopPetApp.swift */ = {isa = PBXFileReference; lastKnownFileType = sourcecode.swift; path = DesktopPetApp.swift; sourceTree = "<group>"; };
		D4E5F60718293A4B5C6D7E8F /* ContentView.swift */ = {isa = PBXFileReference; lastKnownFileType = sourcecode.swift; path = ContentView.swift; sourceTree = "<group>"; };
		F60718293A4B5C6D7E8F90AB /* Assets.xcassets */ = {isa = PBXFileReference; lastKnownFileType = folder.assetcatalog; path = Assets.xcassets; sourceTree = "<group>"; };
/* End PBXFileReference section */

/* Begin PBXFrameworksBuildPhase section */
		18293A4B5C6D7E8F90AB12C3 /* Frameworks */ = {
			isa = PBXFrameworksBuildPhase;
			buildActionMask = 2147483647;
			files = (
			);
			runOnlyForDeploymentPostprocessing = 0;
		};
/* End PBXFrameworksBuildPhase section */

/* Begin PBXGroup section */
		293A4B5C6D7E8F90AB12C3D4 = {
			isa = PBXGroup;
			children = (
				3A4B5C6D7E8F90AB12C3D4E5 /* DesktopPet */,
				4B5C6D7E8F90AB12C3D4E5F60 /* Products */,
			);
			sourceTree = "<group>";
		};
		3A4B5C6D7E8F90AB12C3D4E5 /* DesktopPet */ = {
			isa = PBXGroup;
			children = (
				A10000000000000000000001 /* App */,
				A10000000000000000000002 /* Core */,
				A10000000000000000000003 /* Features */,
				A10000000000000000000004 /* Utils */,
				B2C3D4E5F60718293A4B5C6D /* DesktopPetApp.swift */,
				D4E5F60718293A4B5C6D7E8F /* ContentView.swift */,
				F60718293A4B5C6D7E8F90AB /* Assets.xcassets */,
			);
			path = DesktopPet;
			sourceTree = "<group>";
		};
		4B5C6D7E8F90AB12C3D4E5F60 /* Products */ = {
			isa = PBXGroup;
			children = (
				0718293A4B5C6D7E8F90AB12 /* DesktopPet.app */,
			);
			name = Products;
			sourceTree = "<group>";
		};
		A10000000000000000000001 /* App */ = {
			isa = PBXGroup;
			children = (
				B100000000000000000000001 /* AppDelegate.swift */,
				B100000000000000000000002 /* AppCoordinator.swift */,
			);
			path = App;
			sourceTree = "<group>";
		};
		A10000000000000000000002 /* Core */ = {
			isa = PBXGroup;
			children = (
				A10000000000000000000005 /* Input */,
				A10000000000000000000006 /* Models */,
				A1000000000000000000000C /* Animation */,
				A10000000000000000000007 /* Permissions */,
				A10000000000000000000008 /* PetState */,
				A10000000000000000000009 /* Window */,
			);
			path = Core;
			sourceTree = "<group>";
		};
		A10000000000000000000003 /* Features */ = {
			isa = PBXGroup;
			children = (
				A1000000000000000000000A /* PetView */,
				A1000000000000000000000D /* Onboarding */,
				A1000000000000000000000B /* Settings */,
			);
			path = Features;
			sourceTree = "<group>";
		};
		A10000000000000000000004 /* Utils */ = {
			isa = PBXGroup;
			children = (
				B100000000000000000000014 /* Logger.swift */,
				B100000000000000000000015 /* ScreenGeometry.swift */,
			);
			path = Utils;
			sourceTree = "<group>";
		};
		A10000000000000000000005 /* Input */ = {
			isa = PBXGroup;
			children = (
				B100000000000000000000016 /* GlobalInputMonitor.swift */,
				B100000000000000000000005 /* MouseTracker.swift */,
			);
			path = Input;
			sourceTree = "<group>";
		};
		A10000000000000000000006 /* Models */ = {
			isa = PBXGroup;
			children = (
				B100000000000000000000006 /* InteractionEvent.swift */,
				B100000000000000000000007 /* PetConfig.swift */,
				B100000000000000000000020 /* PointerTrackingModel.swift */,
			);
			path = Models;
			sourceTree = "<group>";
		};
		A10000000000000000000007 /* Permissions */ = {
			isa = PBXGroup;
			children = (
				B100000000000000000000008 /* AccessibilityPermissionManager.swift */,
			);
			path = Permissions;
			sourceTree = "<group>";
		};
		A10000000000000000000008 /* PetState */ = {
			isa = PBXGroup;
			children = (
				B100000000000000000000009 /* PatrolScheduler.swift */,
				B10000000000000000000000A /* PetState.swift */,
				B10000000000000000000000B /* PetStateMachine.swift */,
			);
			path = PetState;
			sourceTree = "<group>";
		};
		A10000000000000000000009 /* Window */ = {
			isa = PBXGroup;
			children = (
				B10000000000000000000000C /* HitTestPassthroughView.swift */,
				B100000000000000000000017 /* PetRootContainerView.swift */,
				B10000000000000000000000D /* PetWindow.swift */,
				B10000000000000000000000E /* PetWindowController.swift */,
			);
			path = Window;
			sourceTree = "<group>";
		};
		A1000000000000000000000A /* PetView */ = {
			isa = PBXGroup;
			children = (
				B10000000000000000000000F /* PetContainerView.swift */,
				B100000000000000000000010 /* PetSpriteView.swift */,
				B100000000000000000000011 /* SettingsFloatingButton.swift */,
			);
			path = PetView;
			sourceTree = "<group>";
		};
		A1000000000000000000000B /* Settings */ = {
			isa = PBXGroup;
			children = (
				B100000000000000000000012 /* SettingsPanelView.swift */,
				B100000000000000000000013 /* SettingsViewModel.swift */,
			);
			path = Settings;
			sourceTree = "<group>";
		};
		A1000000000000000000000C /* Animation */ = {
			isa = PBXGroup;
			children = (
				B100000000000000000000018 /* AnimationDriver.swift */,
			);
			path = Animation;
			sourceTree = "<group>";
		};
		A1000000000000000000000D /* Onboarding */ = {
			isa = PBXGroup;
			children = (
				B100000000000000000000019 /* AccessibilityOnboardingView.swift */,
			);
			path = Onboarding;
			sourceTree = "<group>";
		};
/* End PBXGroup section */

/* Begin PBXNativeTarget section */
		5C6D7E8F90AB12C3D4E5F607 /* DesktopPet */ = {
			isa = PBXNativeTarget;
			buildConfigurationList = 6D7E8F90AB12C3D4E5F60718 /* Build configuration list for PBXNativeTarget "DesktopPet" */;
			buildPhases = (
				7E8F90AB12C3D4E5F6071829 /* Sources */,
				18293A4B5C6D7E8F90AB12C3 /* Frameworks */,
				8F90AB12C3D4E5F60718293A /* Resources */,
			);
			buildRules = (
			);
			dependencies = (
			);
			name = DesktopPet;
			productName = DesktopPet;
			productReference = 0718293A4B5C6D7E8F90AB12 /* DesktopPet.app */;
			productType = "com.apple.product-type.application";
		};
/* End PBXNativeTarget section */

/* Begin PBXProject section */
		90AB12C3D4E5F60718293A4B /* Project object */ = {
			isa = PBXProject;
			attributes = {
				BuildIndependentTargetsInParallel = 1;
				LastSwiftUpdateCheck = 1620;
				LastUpgradeCheck = 1620;
				TargetAttributes = {
					5C6D7E8F90AB12C3D4E5F607 = {
						CreatedOnToolsVersion = 16.2;
					};
				};
			};
			buildConfigurationList = AB12C3D4E5F60718293A4B5C6 /* Build configuration list for PBXProject "DesktopPet" */;
			compatibilityVersion = "Xcode 14.0";
			developmentRegion = en;
			hasScannedForEncodings = 0;
			knownRegions = (
				en,
				Base,
			);
			mainGroup = 293A4B5C6D7E8F90AB12C3D4;
			minimizedProjectReferenceProxies = 1;
			productRefGroup = 4B5C6D7E8F90AB12C3D4E5F60 /* Products */;
			projectDirPath = "";
			projectRoot = "";
			targets = (
				5C6D7E8F90AB12C3D4E5F607 /* DesktopPet */,
			);
		};
/* End PBXProject section */

/* Begin PBXResourcesBuildPhase section */
		8F90AB12C3D4E5F60718293A /* Resources */ = {
			isa = PBXResourcesBuildPhase;
			buildActionMask = 2147483647;
			files = (
				E5F60718293A4B5C6D7E8F90 /* Assets.xcassets in Resources */,
			);
			runOnlyForDeploymentPostprocessing = 0;
		};
/* End PBXResourcesBuildPhase section */

/* Begin PBXSourcesBuildPhase section */
		7E8F90AB12C3D4E5F6071829 /* Sources */ = {
			isa = PBXSourcesBuildPhase;
			buildActionMask = 2147483647;
			files = (
				A1B2C3D4E5F6789012345689 /* DesktopPetApp.swift in Sources */,
				C3D4E5F60718293A4B5C6D7E /* ContentView.swift in Sources */,
				C10000000000000000000001 /* AppDelegate.swift in Sources */,
				C10000000000000000000002 /* AppCoordinator.swift in Sources */,
				C10000000000000000000016 /* GlobalInputMonitor.swift in Sources */,
				C10000000000000000000005 /* MouseTracker.swift in Sources */,
				C10000000000000000000006 /* InteractionEvent.swift in Sources */,
				C10000000000000000000020 /* PointerTrackingModel.swift in Sources */,
				C10000000000000000000007 /* PetConfig.swift in Sources */,
				C10000000000000000000008 /* AccessibilityPermissionManager.swift in Sources */,
				C10000000000000000000009 /* PatrolScheduler.swift in Sources */,
				C1000000000000000000000A /* PetState.swift in Sources */,
				C1000000000000000000000B /* PetStateMachine.swift in Sources */,
				C1000000000000000000000C /* HitTestPassthroughView.swift in Sources */,
				C1000000000000000000000D /* PetWindow.swift in Sources */,
				C1000000000000000000000E /* PetWindowController.swift in Sources */,
				C1000000000000000000000F /* PetContainerView.swift in Sources */,
				C10000000000000000000010 /* PetSpriteView.swift in Sources */,
				C10000000000000000000011 /* SettingsFloatingButton.swift in Sources */,
				C10000000000000000000012 /* SettingsPanelView.swift in Sources */,
				C10000000000000000000013 /* SettingsViewModel.swift in Sources */,
				C10000000000000000000014 /* Logger.swift in Sources */,
				C10000000000000000000015 /* ScreenGeometry.swift in Sources */,
				C10000000000000000000017 /* PetRootContainerView.swift in Sources */,
				C10000000000000000000018 /* AnimationDriver.swift in Sources */,
				C10000000000000000000019 /* AccessibilityOnboardingView.swift in Sources */,
			);
			runOnlyForDeploymentPostprocessing = 0;
		};
/* End PBXSourcesBuildPhase section */

/* Begin XCBuildConfiguration section */
		B12C3D4E5F60718293A4B5C6D /* Debug */ = {
			isa = XCBuildConfiguration;
			buildSettings = {
				ALWAYS_SEARCH_USER_PATHS = NO;
				ASSETCATALOG_COMPILER_GENERATE_SWIFT_ASSET_SYMBOL_EXTENSIONS = YES;
				CLANG_ANALYZER_NONNULL = YES;
				CLANG_ANALYZER_NUMBER_OBJECT_CONVERSION = YES_AGGRESSIVE;
				CLANG_CXX_LANGUAGE_STANDARD = "gnu++20";
				CLANG_ENABLE_MODULES = YES;
				CLANG_ENABLE_OBJC_ARC = YES;
				CLANG_ENABLE_OBJC_WEAK = YES;
				CLANG_WARN_BLOCK_CAPTURE_AUTORELEASING = YES;
				CLANG_WARN_BOOL_CONVERSION = YES;
				CLANG_WARN_COMMA = YES;
				CLANG_WARN_CONSTANT_CONVERSION = YES;
				CLANG_WARN_DEPRECATED_OBJC_IMPLEMENTATIONS = YES;
				CLANG_WARN_DIRECT_OBJC_ISA_USAGE = YES_ERROR;
				CLANG_WARN_DOCUMENTATION_COMMENTS = YES;
				CLANG_WARN_EMPTY_BODY = YES;
				CLANG_WARN_ENUM_CONVERSION = YES;
				CLANG_WARN_INFINITE_RECURSION = YES;
				CLANG_WARN_INT_CONVERSION = YES;
				CLANG_WARN_NON_LITERAL_NULL_CONVERSION = YES;
				CLANG_WARN_OBJC_IMPLICIT_RETAIN_SELF = YES;
				CLANG_WARN_OBJC_LITERAL_CONVERSION = YES;
				CLANG_WARN_OBJC_ROOT_CLASS = YES_ERROR;
				CLANG_WARN_QUOTED_INCLUDE_IN_FRAMEWORK_HEADER = YES;
				CLANG_WARN_RANGE_LOOP_ANALYSIS = YES;
				CLANG_WARN_STRICT_PROTOTYPES = YES;
				CLANG_WARN_SUSPICIOUS_MOVE = YES;
				CLANG_WARN_UNGUARDED_AVAILABILITY = YES_AGGRESSIVE;
				CLANG_WARN_UNREACHABLE_CODE = YES;
				CLANG_WARN__DUPLICATE_METHOD_MATCH = YES;
				COPY_PHASE_STRIP = NO;
				DEBUG_INFORMATION_FORMAT = dwarf;
				ENABLE_STRICT_OBJC_MSGSEND = YES;
				ENABLE_TESTABILITY = YES;
				ENABLE_USER_SCRIPT_SANDBOXING = YES;
				GCC_C_LANGUAGE_STANDARD = gnu17;
				GCC_DYNAMIC_NO_PIC = NO;
				GCC_NO_COMMON_BLOCKS = YES;
				GCC_OPTIMIZATION_LEVEL = 0;
				GCC_PREPROCESSOR_DEFINITIONS = (
					"DEBUG=1",
					"$(inherited)",
				);
				GCC_WARN_64_TO_32_BIT_CONVERSION = YES;
				GCC_WARN_ABOUT_RETURN_TYPE = YES_ERROR;
				GCC_WARN_UNDECLARED_SELECTOR = YES;
				GCC_WARN_UNINITIALIZED_AUTOS = YES_AGGRESSIVE;
				GCC_WARN_UNUSED_FUNCTION = YES;
				GCC_WARN_UNUSED_VARIABLE = YES;
				LOCALIZATION_PREFERS_STRING_CATALOGS = YES;
				MACOSX_DEPLOYMENT_TARGET = 14.0;
				MTL_ENABLE_DEBUG_INFO = INCLUDE_SOURCE;
				MTL_FAST_MATH = YES;
				ONLY_ACTIVE_ARCH = YES;
				SDKROOT = macosx;
				SWIFT_ACTIVE_COMPILATION_CONDITIONS = "DEBUG $(inherited)";
				SWIFT_OPTIMIZATION_LEVEL = "-Onone";
			};
			name = Debug;
		};
		C3D4E5F60718293A4B5C6D7E8 /* Release */ = {
			isa = XCBuildConfiguration;
			buildSettings = {
				ALWAYS_SEARCH_USER_PATHS = NO;
				ASSETCATALOG_COMPILER_GENERATE_SWIFT_ASSET_SYMBOL_EXTENSIONS = YES;
				CLANG_ANALYZER_NONNULL = YES;
				CLANG_ANALYZER_NUMBER_OBJECT_CONVERSION = YES_AGGRESSIVE;
				CLANG_CXX_LANGUAGE_STANDARD = "gnu++20";
				CLANG_ENABLE_MODULES = YES;
				CLANG_ENABLE_OBJC_ARC = YES;
				CLANG_ENABLE_OBJC_WEAK = YES;
				CLANG_WARN_BLOCK_CAPTURE_AUTORELEASING = YES;
				CLANG_WARN_BOOL_CONVERSION = YES;
				CLANG_WARN_COMMA = YES;
				CLANG_WARN_CONSTANT_CONVERSION = YES;
				CLANG_WARN_DEPRECATED_OBJC_IMPLEMENTATIONS = YES;
				CLANG_WARN_DIRECT_OBJC_ISA_USAGE = YES_ERROR;
				CLANG_WARN_DOCUMENTATION_COMMENTS = YES;
				CLANG_WARN_EMPTY_BODY = YES;
				CLANG_WARN_ENUM_CONVERSION = YES;
				CLANG_WARN_INFINITE_RECURSION = YES;
				CLANG_WARN_INT_CONVERSION = YES;
				CLANG_WARN_NON_LITERAL_NULL_CONVERSION = YES;
				CLANG_WARN_OBJC_IMPLICIT_RETAIN_SELF = YES;
				CLANG_WARN_OBJC_LITERAL_CONVERSION = YES;
				CLANG_WARN_OBJC_ROOT_CLASS = YES_ERROR;
				CLANG_WARN_QUOTED_INCLUDE_IN_FRAMEWORK_HEADER = YES;
				CLANG_WARN_RANGE_LOOP_ANALYSIS = YES;
				CLANG_WARN_STRICT_PROTOTYPES = YES;
				CLANG_WARN_SUSPICIOUS_MOVE = YES;
				CLANG_WARN_UNGUARDED_AVAILABILITY = YES_AGGRESSIVE;
				CLANG_WARN_UNREACHABLE_CODE = YES;
				CLANG_WARN__DUPLICATE_METHOD_MATCH = YES;
				COPY_PHASE_STRIP = NO;
				DEBUG_INFORMATION_FORMAT = "dwarf-with-dsym";
				ENABLE_NS_ASSERTIONS = NO;
				ENABLE_STRICT_OBJC_MSGSEND = YES;
				ENABLE_USER_SCRIPT_SANDBOXING = YES;
				GCC_C_LANGUAGE_STANDARD = gnu17;
				GCC_NO_COMMON_BLOCKS = YES;
				GCC_WARN_64_TO_32_BIT_CONVERSION = YES;
				GCC_WARN_ABOUT_RETURN_TYPE = YES_ERROR;
				GCC_WARN_UNDECLARED_SELECTOR = YES;
				GCC_WARN_UNINITIALIZED_AUTOS = YES_AGGRESSIVE;
				GCC_WARN_UNUSED_FUNCTION = YES;
				GCC_WARN_UNUSED_VARIABLE = YES;
				LOCALIZATION_PREFERS_STRING_CATALOGS = YES;
				MACOSX_DEPLOYMENT_TARGET = 14.0;
				MTL_ENABLE_DEBUG_INFO = NO;
				MTL_FAST_MATH = YES;
				SDKROOT = macosx;
				SWIFT_COMPILATION_MODE = wholemodule;
			};
			name = Release;
		};
		D4E5F60718293A4B5C6D7E8F9 /* Debug */ = {
			isa = XCBuildConfiguration;
			buildSettings = {
				ASSETCATALOG_COMPILER_APPICON_NAME = AppIcon;
				ASSETCATALOG_COMPILER_GLOBAL_ACCENT_COLOR_NAME = AccentColor;
				CODE_SIGN_ENTITLEMENTS = "";
				CODE_SIGN_STYLE = Automatic;
				COMBINE_HIDPI_IMAGES = YES;
				CURRENT_PROJECT_VERSION = 1;
				DEVELOPMENT_TEAM = BFYDGS756S;
				ENABLE_APP_SANDBOX = NO;
				ENABLE_HARDENED_RUNTIME = YES;
				ENABLE_PREVIEWS = YES;
				ENABLE_USER_SELECTED_FILES = readonly;
				GENERATE_INFOPLIST_FILE = YES;
				INFOPLIST_KEY_CFBundleDisplayName = DesktopPet;
				INFOPLIST_KEY_LSApplicationCategoryType = "public.app-category.utilities";
				INFOPLIST_KEY_NSAccessibilityUsageDescription = "DesktopPet 需要辅助功能以便在您使用其他应用时接收键盘事件，用于桌宠动画反馈；不会上传或记录键入内容。";
				INFOPLIST_KEY_NSHumanReadableCopyright = "";
				LD_RUNPATH_SEARCH_PATHS = (
					"$(inherited)",
					"@executable_path/../Frameworks",
				);
				MARKETING_VERSION = 1.0;
				PRODUCT_BUNDLE_IDENTIFIER = io.github.powerpan.DesktopPet;
				PRODUCT_NAME = "$(TARGET_NAME)";
				SWIFT_EMIT_LOC_STRINGS = YES;
				SWIFT_STRICT_CONCURRENCY = complete;
				SWIFT_VERSION = 5.0;
			};
			name = Debug;
		};
		F60718293A4B5C6D7E8F90AC /* Release */ = {
			isa = XCBuildConfiguration;
			buildSettings = {
				ASSETCATALOG_COMPILER_APPICON_NAME = AppIcon;
				ASSETCATALOG_COMPILER_GLOBAL_ACCENT_COLOR_NAME = AccentColor;
				CODE_SIGN_ENTITLEMENTS = "";
				CODE_SIGN_STYLE = Automatic;
				COMBINE_HIDPI_IMAGES = YES;
				CURRENT_PROJECT_VERSION = 1;
				DEVELOPMENT_TEAM = BFYDGS756S;
				ENABLE_APP_SANDBOX = NO;
				ENABLE_HARDENED_RUNTIME = YES;
				ENABLE_PREVIEWS = YES;
				ENABLE_USER_SELECTED_FILES = readonly;
				GENERATE_INFOPLIST_FILE = YES;
				INFOPLIST_KEY_CFBundleDisplayName = DesktopPet;
				INFOPLIST_KEY_LSApplicationCategoryType = "public.app-category.utilities";
				INFOPLIST_KEY_NSAccessibilityUsageDescription = "DesktopPet 需要辅助功能以便在您使用其他应用时接收键盘事件，用于桌宠动画反馈；不会上传或记录键入内容。";
				INFOPLIST_KEY_NSHumanReadableCopyright = "";
				LD_RUNPATH_SEARCH_PATHS = (
					"$(inherited)",
					"@executable_path/../Frameworks",
				);
				MARKETING_VERSION = 1.0;
				PRODUCT_BUNDLE_IDENTIFIER = io.github.powerpan.DesktopPet;
				PRODUCT_NAME = "$(TARGET_NAME)";
				SWIFT_EMIT_LOC_STRINGS = YES;
				SWIFT_STRICT_CONCURRENCY = complete;
				SWIFT_VERSION = 5.0;
			};
			name = Release;
		};
/* End XCBuildConfiguration section */

/* Begin XCConfigurationList section */
		6D7E8F90AB12C3D4E5F60718 /* Build configuration list for PBXNativeTarget "DesktopPet" */ = {
			isa = XCConfigurationList;
			buildConfigurations = (
				D4E5F60718293A4B5C6D7E8F9 /* Debug */,
				F60718293A4B5C6D7E8F90AC /* Release */,
			);
			defaultConfigurationIsVisible = 0;
			defaultConfigurationName = Release;
		};
		AB12C3D4E5F60718293A4B5C6 /* Build configuration list for PBXProject "DesktopPet" */ = {
			isa = XCConfigurationList;
			buildConfigurations = (
				B12C3D4E5F60718293A4B5C6D /* Debug */,
				C3D4E5F60718293A4B5C6D7E8 /* Release */,
			);
			defaultConfigurationIsVisible = 0;
			defaultConfigurationName = Release;
		};
/* End XCConfigurationList section */
	};
	rootObject = 90AB12C3D4E5F60718293A4B /* Project object */;
}
